// !$*UTF8*$!
{
	archiveVersion = 1;
	classes = {
	};
	objectVersion = 46;
	objects = {

/* Begin PBXBuildFile section */
		150AE12B15CB5EA700C1ED0F /* morcheeba-skye.png in Resources */ = {isa = PBXBuildFile; fileRef = 150AE12A15CB5EA700C1ED0F /* morcheeba-skye.png */; };
		150AE12E15CC4F2200C1ED0F /* lana.png in Resources */ = {isa = PBXBuildFile; fileRef = 150AE12D15CC4F2200C1ED0F /* lana.png */; };
		150AE14615CF2EF100C1ED0F /* sineWaveDataPoints.txt in Resources */ = {isa = PBXBuildFile; fileRef = 150AE14515CF2EF100C1ED0F /* sineWaveDataPoints.txt */; };
		150CC5D31554468200570ACC /* SpiralControl.m in Sources */ = {isa = PBXBuildFile; fileRef = 150CC5D21554468200570ACC /* SpiralControl.m */; };
		150CC5DA1554503000570ACC /* AVFoundation.framework in Frameworks */ = {isa = PBXBuildFile; fileRef = 150CC5D91554503000570ACC /* AVFoundation.framework */; };
		151A42E315538F9D003BF64A /* UIKit.framework in Frameworks */ = {isa = PBXBuildFile; fileRef = 151A42E215538F9D003BF64A /* UIKit.framework */; };
		151A42E515538F9D003BF64A /* Foundation.framework in Frameworks */ = {isa = PBXBuildFile; fileRef = 151A42E415538F9D003BF64A /* Foundation.framework */; };
		151A42E715538F9D003BF64A /* CoreGraphics.framework in Frameworks */ = {isa = PBXBuildFile; fileRef = 151A42E615538F9D003BF64A /* CoreGraphics.framework */; };
		151A42ED15538F9D003BF64A /* InfoPlist.strings in Resources */ = {isa = PBXBuildFile; fileRef = 151A42EB15538F9D003BF64A /* InfoPlist.strings */; };
		151A42EF15538F9D003BF64A /* main.m in Sources */ = {isa = PBXBuildFile; fileRef = 151A42EE15538F9D003BF64A /* main.m */; };
		151A42F315538F9D003BF64A /* AppDelegate.m in Sources */ = {isa = PBXBuildFile; fileRef = 151A42F215538F9D003BF64A /* AppDelegate.m */; };
		151A42F615538F9D003BF64A /* ViewController.m in Sources */ = {isa = PBXBuildFile; fileRef = 151A42F515538F9D003BF64A /* ViewController.m */; };
		151A42F915538F9D003BF64A /* ViewController.xib in Resources */ = {isa = PBXBuildFile; fileRef = 151A42F715538F9D003BF64A /* ViewController.xib */; };
		1533A54315853ED200E27069 /* handle@2x.png in Resources */ = {isa = PBXBuildFile; fileRef = 1533A54215853ED200E27069 /* handle@2x.png */; };
		1544D94615A229EB00AE7C63 /* CoreMedia.framework in Frameworks */ = {isa = PBXBuildFile; fileRef = 1544D94515A229EB00AE7C63 /* CoreMedia.framework */; };
		1544D94915A22A0E00AE7C63 /* MediaPlayer.framework in Frameworks */ = {isa = PBXBuildFile; fileRef = 1544D94815A22A0E00AE7C63 /* MediaPlayer.framework */; };
		154E7BD815C4CB4D00D3DE50 /* QuartzCore.framework in Frameworks */ = {isa = PBXBuildFile; fileRef = 154E7BD715C4CB4C00D3DE50 /* QuartzCore.framework */; };
		154E7C0815C739B600D3DE50 /* PizzaViewController.m in Sources */ = {isa = PBXBuildFile; fileRef = 154E7C0715C739B600D3DE50 /* PizzaViewController.m */; };
		154E7C0B15C739D100D3DE50 /* PizzaControl.m in Sources */ = {isa = PBXBuildFile; fileRef = 154E7C0A15C739D100D3DE50 /* PizzaControl.m */; };
		154E7C1115C7431F00D3DE50 /* florence_cover.jpg in Resources */ = {isa = PBXBuildFile; fileRef = 154E7C1015C7431F00D3DE50 /* florence_cover.jpg */; };
		154E7C1415C7445900D3DE50 /* SineWaveView.m in Sources */ = {isa = PBXBuildFile; fileRef = 154E7C1315C7445800D3DE50 /* SineWaveView.m */; };
		1577830F15CA76A20029F11A /* ExperimentView.m in Sources */ = {isa = PBXBuildFile; fileRef = 1577830E15CA76A20029F11A /* ExperimentView.m */; };
		1577831115CA78C30029F11A /* florence_machine_cover.png in Resources */ = {isa = PBXBuildFile; fileRef = 1577831015CA78C20029F11A /* florence_machine_cover.png */; };
		157D3F7B15A7D216009064CF /* choose_song_btn.png in Resources */ = {isa = PBXBuildFile; fileRef = 157D3F7A15A7D216009064CF /* choose_song_btn.png */; };
		157D3F7E15A7D369009064CF /* play1-150x150.png in Resources */ = {isa = PBXBuildFile; fileRef = 157D3F7C15A7D368009064CF /* play1-150x150.png */; };
		157D3F7F15A7D369009064CF /* pause1-150x150.png in Resources */ = {isa = PBXBuildFile; fileRef = 157D3F7D15A7D369009064CF /* pause1-150x150.png */; };
		1596CEBD15BF72D6001097AE /* LineViewController.m in Sources */ = {isa = PBXBuildFile; fileRef = 1596CEBC15BF72D6001097AE /* LineViewController.m */; };
		1596CEC615BF84E0001097AE /* CurveControl.m in Sources */ = {isa = PBXBuildFile; fileRef = 1596CEC515BF84E0001097AE /* CurveControl.m */; };
		1596CECC15C0C021001097AE /* pinkfloyd4.ma in Resources */ = {isa = PBXBuildFile; fileRef = 1596CEC815C0C021001097AE /* pinkfloyd4.ma */; };
		1596CECD15C0C021001097AE /* pinkfloyd3.ma in Resources */ = {isa = PBXBuildFile; fileRef = 1596CEC915C0C021001097AE /* pinkfloyd3.ma */; };
		1596CECE15C0C021001097AE /* pinkfloyd2.ma in Resources */ = {isa = PBXBuildFile; fileRef = 1596CECA15C0C021001097AE /* pinkfloyd2.ma */; };
		1596CECF15C0C021001097AE /* pinkfloyd1.ma in Resources */ = {isa = PBXBuildFile; fileRef = 1596CECB15C0C021001097AE /* pinkfloyd1.ma */; };
		1596CED115C0CAF7001097AE /* hendrix.ma in Resources */ = {isa = PBXBuildFile; fileRef = 1596CED015C0CAF7001097AE /* hendrix.ma */; };
		1596CED315C0CCFE001097AE /* xx.ma in Resources */ = {isa = PBXBuildFile; fileRef = 1596CED215C0CCFE001097AE /* xx.ma */; };
		1596CED515C0D471001097AE /* milesmedal.txt in Resources */ = {isa = PBXBuildFile; fileRef = 1596CED415C0D471001097AE /* milesmedal.txt */; };
		1596CED715C0D52F001097AE /* parabola.ma in Resources */ = {isa = PBXBuildFile; fileRef = 1596CED615C0D52F001097AE /* parabola.ma */; };
		1596CED915C0D672001097AE /* hendrix_high.ma in Resources */ = {isa = PBXBuildFile; fileRef = 1596CED815C0D672001097AE /* hendrix_high.ma */; };
		1596CEDB15C0D6D1001097AE /* pinkfloyd.jpg in Resources */ = {isa = PBXBuildFile; fileRef = 1596CEDA15C0D6D1001097AE /* pinkfloyd.jpg */; };
		1596CEDD15C0DC92001097AE /* lab2.ma in Resources */ = {isa = PBXBuildFile; fileRef = 1596CEDC15C0DC92001097AE /* lab2.ma */; };
		1596CEDF15C1ABAA001097AE /* lab1.ma in Resources */ = {isa = PBXBuildFile; fileRef = 1596CEDE15C1ABAA001097AE /* lab1.ma */; };
		1596CEE115C1B048001097AE /* Jimmy Hendrix  – Voodoo Child.mp3 in Resources */ = {isa = PBXBuildFile; fileRef = 1596CEE015C1B048001097AE /* Jimmy Hendrix  – Voodoo Child.mp3 */; };
		15C0829C15BA06E40031679E /* song.mp3 in Resources */ = {isa = PBXBuildFile; fileRef = 15C0829B15BA06E40031679E /* song.mp3 */; };
		15CF25C515AD5411007CA929 /* WaveAudioPlayer.m in Sources */ = {isa = PBXBuildFile; fileRef = 15CF25C415AD5411007CA929 /* WaveAudioPlayer.m */; };
		15D2CEA215B0BFEF006966AF /* appIcon.png in Resources */ = {isa = PBXBuildFile; fileRef = 15D2CEA115B0BFEF006966AF /* appIcon.png */; };
		15D2CEAA15B0CB5A006966AF /* eject.gif in Resources */ = {isa = PBXBuildFile; fileRef = 15D2CEA915B0CB5A006966AF /* eject.gif */; };
		15D7FA6F15CF3DB1009318C6 /* Utilities.m in Sources */ = {isa = PBXBuildFile; fileRef = 15D7FA6E15CF3DB1009318C6 /* Utilities.m */; };
		15E163F6158B1AD900CC8FAC /* AudioToolbox.framework in Frameworks */ = {isa = PBXBuildFile; fileRef = 15E163F3158B1AD900CC8FAC /* AudioToolbox.framework */; };
		15E163F8158B1AD900CC8FAC /* CoreAudio.framework in Frameworks */ = {isa = PBXBuildFile; fileRef = 15E163F5158B1AD900CC8FAC /* CoreAudio.framework */; };
/* End PBXBuildFile section */

/* Begin PBXFileReference section */
		150AE12A15CB5EA700C1ED0F /* morcheeba-skye.png */ = {isa = PBXFileReference; lastKnownFileType = image.png; path = "morcheeba-skye.png"; sourceTree = "<group>"; };
		150AE12D15CC4F2200C1ED0F /* lana.png */ = {isa = PBXFileReference; lastKnownFileType = image.png; path = lana.png; sourceTree = "<group>"; };
		150AE14515CF2EF100C1ED0F /* sineWaveDataPoints.txt */ = {isa = PBXFileReference; fileEncoding = 4; lastKnownFileType = text; path = sineWaveDataPoints.txt; sourceTree = "<group>"; };
		150CC5D11554468200570ACC /* SpiralControl.h */ = {isa = PBXFileReference; fileEncoding = 4; lastKnownFileType = sourcecode.c.h; path = SpiralControl.h; sourceTree = "<group>"; };
		150CC5D21554468200570ACC /* SpiralControl.m */ = {isa = PBXFileReference; fileEncoding = 4; lastKnownFileType = sourcecode.c.objc; path = SpiralControl.m; sourceTree = "<group>"; };
		150CC5D91554503000570ACC /* AVFoundation.framework */ = {isa = PBXFileReference; lastKnownFileType = wrapper.framework; name = AVFoundation.framework; path = System/Library/Frameworks/AVFoundation.framework; sourceTree = SDKROOT; };
		151A42DE15538F9D003BF64A /* SpiralPlayer.app */ = {isa = PBXFileReference; explicitFileType = wrapper.application; includeInIndex = 0; path = SpiralPlayer.app; sourceTree = BUILT_PRODUCTS_DIR; };
		151A42E215538F9D003BF64A /* UIKit.framework */ = {isa = PBXFileReference; lastKnownFileType = wrapper.framework; name = UIKit.framework; path = System/Library/Frameworks/UIKit.framework; sourceTree = SDKROOT; };
		151A42E415538F9D003BF64A /* Foundation.framework */ = {isa = PBXFileReference; lastKnownFileType = wrapper.framework; name = Foundation.framework; path = System/Library/Frameworks/Foundation.framework; sourceTree = SDKROOT; };
		151A42E615538F9D003BF64A /* CoreGraphics.framework */ = {isa = PBXFileReference; lastKnownFileType = wrapper.framework; name = CoreGraphics.framework; path = System/Library/Frameworks/CoreGraphics.framework; sourceTree = SDKROOT; };
		151A42EA15538F9D003BF64A /* SpiralPlayer-Info.plist */ = {isa = PBXFileReference; lastKnownFileType = text.plist.xml; path = "SpiralPlayer-Info.plist"; sourceTree = "<group>"; };
		151A42EC15538F9D003BF64A /* en */ = {isa = PBXFileReference; lastKnownFileType = text.plist.strings; name = en; path = en.lproj/InfoPlist.strings; sourceTree = "<group>"; };
		151A42EE15538F9D003BF64A /* main.m */ = {isa = PBXFileReference; lastKnownFileType = sourcecode.c.objc; path = main.m; sourceTree = "<group>"; };
		151A42F015538F9D003BF64A /* SpiralPlayer-Prefix.pch */ = {isa = PBXFileReference; lastKnownFileType = sourcecode.c.h; path = "SpiralPlayer-Prefix.pch"; sourceTree = "<group>"; };
		151A42F115538F9D003BF64A /* AppDelegate.h */ = {isa = PBXFileReference; lastKnownFileType = sourcecode.c.h; path = AppDelegate.h; sourceTree = "<group>"; };
		151A42F215538F9D003BF64A /* AppDelegate.m */ = {isa = PBXFileReference; lastKnownFileType = sourcecode.c.objc; path = AppDelegate.m; sourceTree = "<group>"; };
		151A42F415538F9D003BF64A /* ViewController.h */ = {isa = PBXFileReference; lastKnownFileType = sourcecode.c.h; path = ViewController.h; sourceTree = "<group>"; };
		151A42F515538F9D003BF64A /* ViewController.m */ = {isa = PBXFileReference; lastKnownFileType = sourcecode.c.objc; path = ViewController.m; sourceTree = "<group>"; };
		151A42F815538F9D003BF64A /* en */ = {isa = PBXFileReference; lastKnownFileType = file.xib; name = en; path = en.lproj/ViewController.xib; sourceTree = "<group>"; };
		1533A54215853ED200E27069 /* handle@2x.png */ = {isa = PBXFileReference; lastKnownFileType = image.png; path = "handle@2x.png"; sourceTree = "<group>"; };
		1544D94515A229EB00AE7C63 /* CoreMedia.framework */ = {isa = PBXFileReference; lastKnownFileType = wrapper.framework; name = CoreMedia.framework; path = System/Library/Frameworks/CoreMedia.framework; sourceTree = SDKROOT; };
		1544D94815A22A0E00AE7C63 /* MediaPlayer.framework */ = {isa = PBXFileReference; lastKnownFileType = wrapper.framework; name = MediaPlayer.framework; path = System/Library/Frameworks/MediaPlayer.framework; sourceTree = SDKROOT; };
		154E7BD715C4CB4C00D3DE50 /* QuartzCore.framework */ = {isa = PBXFileReference; lastKnownFileType = wrapper.framework; name = QuartzCore.framework; path = System/Library/Frameworks/QuartzCore.framework; sourceTree = SDKROOT; };
		154E7C0615C739B600D3DE50 /* PizzaViewController.h */ = {isa = PBXFileReference; fileEncoding = 4; lastKnownFileType = sourcecode.c.h; path = PizzaViewController.h; sourceTree = "<group>"; };
		154E7C0715C739B600D3DE50 /* PizzaViewController.m */ = {isa = PBXFileReference; fileEncoding = 4; lastKnownFileType = sourcecode.c.objc; path = PizzaViewController.m; sourceTree = "<group>"; };
		154E7C0915C739D100D3DE50 /* PizzaControl.h */ = {isa = PBXFileReference; fileEncoding = 4; lastKnownFileType = sourcecode.c.h; path = PizzaControl.h; sourceTree = "<group>"; };
		154E7C0A15C739D100D3DE50 /* PizzaControl.m */ = {isa = PBXFileReference; fileEncoding = 4; lastKnownFileType = sourcecode.c.objc; path = PizzaControl.m; sourceTree = "<group>"; };
		154E7C1015C7431F00D3DE50 /* florence_cover.jpg */ = {isa = PBXFileReference; lastKnownFileType = image.jpeg; path = florence_cover.jpg; sourceTree = "<group>"; };
		154E7C1215C7445800D3DE50 /* SineWaveView.h */ = {isa = PBXFileReference; fileEncoding = 4; lastKnownFileType = sourcecode.c.h; path = SineWaveView.h; sourceTree = "<group>"; };
		154E7C1315C7445800D3DE50 /* SineWaveView.m */ = {isa = PBXFileReference; fileEncoding = 4; lastKnownFileType = sourcecode.c.objc; path = SineWaveView.m; sourceTree = "<group>"; };
		1577830D15CA76A10029F11A /* ExperimentView.h */ = {isa = PBXFileReference; fileEncoding = 4; lastKnownFileType = sourcecode.c.h; path = ExperimentView.h; sourceTree = "<group>"; };
		1577830E15CA76A20029F11A /* ExperimentView.m */ = {isa = PBXFileReference; fileEncoding = 4; lastKnownFileType = sourcecode.c.objc; path = ExperimentView.m; sourceTree = "<group>"; };
		1577831015CA78C20029F11A /* florence_machine_cover.png */ = {isa = PBXFileReference; lastKnownFileType = image.png; path = florence_machine_cover.png; sourceTree = "<group>"; };
		157D3F7315A7AFC8009064CF /* Constants.h */ = {isa = PBXFileReference; fileEncoding = 4; lastKnownFileType = sourcecode.c.h; path = Constants.h; sourceTree = "<group>"; };
		157D3F7A15A7D216009064CF /* choose_song_btn.png */ = {isa = PBXFileReference; lastKnownFileType = image.png; path = choose_song_btn.png; sourceTree = "<group>"; };
		157D3F7C15A7D368009064CF /* play1-150x150.png */ = {isa = PBXFileReference; lastKnownFileType = image.png; path = "play1-150x150.png"; sourceTree = "<group>"; };
		157D3F7D15A7D369009064CF /* pause1-150x150.png */ = {isa = PBXFileReference; lastKnownFileType = image.png; path = "pause1-150x150.png"; sourceTree = "<group>"; };
		1596CEBB15BF72D6001097AE /* LineViewController.h */ = {isa = PBXFileReference; fileEncoding = 4; lastKnownFileType = sourcecode.c.h; path = LineViewController.h; sourceTree = "<group>"; };
		1596CEBC15BF72D6001097AE /* LineViewController.m */ = {isa = PBXFileReference; fileEncoding = 4; lastKnownFileType = sourcecode.c.objc; path = LineViewController.m; sourceTree = "<group>"; };
		1596CEC415BF84E0001097AE /* CurveControl.h */ = {isa = PBXFileReference; fileEncoding = 4; lastKnownFileType = sourcecode.c.h; path = CurveControl.h; sourceTree = "<group>"; };
		1596CEC515BF84E0001097AE /* CurveControl.m */ = {isa = PBXFileReference; fileEncoding = 4; lastKnownFileType = sourcecode.c.objc; path = CurveControl.m; sourceTree = "<group>"; };
		1596CEC815C0C021001097AE /* pinkfloyd4.ma */ = {isa = PBXFileReference; fileEncoding = 4; lastKnownFileType = text; path = pinkfloyd4.ma; sourceTree = "<group>"; };
		1596CEC915C0C021001097AE /* pinkfloyd3.ma */ = {isa = PBXFileReference; fileEncoding = 4; lastKnownFileType = text; path = pinkfloyd3.ma; sourceTree = "<group>"; };
		1596CECA15C0C021001097AE /* pinkfloyd2.ma */ = {isa = PBXFileReference; fileEncoding = 4; lastKnownFileType = text; path = pinkfloyd2.ma; sourceTree = "<group>"; };
		1596CECB15C0C021001097AE /* pinkfloyd1.ma */ = {isa = PBXFileReference; fileEncoding = 4; lastKnownFileType = text; path = pinkfloyd1.ma; sourceTree = "<group>"; };
		1596CED015C0CAF7001097AE /* hendrix.ma */ = {isa = PBXFileReference; fileEncoding = 4; lastKnownFileType = text; path = hendrix.ma; sourceTree = "<group>"; };
		1596CED215C0CCFE001097AE /* xx.ma */ = {isa = PBXFileReference; fileEncoding = 4; lastKnownFileType = text; path = xx.ma; sourceTree = "<group>"; };
		1596CED415C0D471001097AE /* milesmedal.txt */ = {isa = PBXFileReference; fileEncoding = 4; lastKnownFileType = text; path = milesmedal.txt; sourceTree = "<group>"; };
		1596CED615C0D52F001097AE /* parabola.ma */ = {isa = PBXFileReference; fileEncoding = 4; lastKnownFileType = text; path = parabola.ma; sourceTree = "<group>"; };
		1596CED815C0D672001097AE /* hendrix_high.ma */ = {isa = PBXFileReference; fileEncoding = 4; lastKnownFileType = text; path = hendrix_high.ma; sourceTree = "<group>"; };
		1596CEDA15C0D6D1001097AE /* pinkfloyd.jpg */ = {isa = PBXFileReference; lastKnownFileType = image.jpeg; path = pinkfloyd.jpg; sourceTree = "<group>"; };
		1596CEDC15C0DC92001097AE /* lab2.ma */ = {isa = PBXFileReference; fileEncoding = 4; lastKnownFileType = text; path = lab2.ma; sourceTree = "<group>"; };
		1596CEDE15C1ABAA001097AE /* lab1.ma */ = {isa = PBXFileReference; fileEncoding = 4; lastKnownFileType = text; path = lab1.ma; sourceTree = "<group>"; };
		1596CEE015C1B048001097AE /* Jimmy Hendrix  – Voodoo Child.mp3 */ = {isa = PBXFileReference; lastKnownFileType = audio.mp3; path = "Jimmy Hendrix  – Voodoo Child.mp3"; sourceTree = "<group>"; };
		15C0829B15BA06E40031679E /* song.mp3 */ = {isa = PBXFileReference; lastKnownFileType = audio.mp3; path = song.mp3; sourceTree = "<group>"; };
		15CF25C315AD5410007CA929 /* WaveAudioPlayer.h */ = {isa = PBXFileReference; fileEncoding = 4; lastKnownFileType = sourcecode.c.h; path = WaveAudioPlayer.h; sourceTree = "<group>"; };
		15CF25C415AD5411007CA929 /* WaveAudioPlayer.m */ = {isa = PBXFileReference; fileEncoding = 4; lastKnownFileType = sourcecode.c.objc; path = WaveAudioPlayer.m; sourceTree = "<group>"; };
		15D2CEA115B0BFEF006966AF /* appIcon.png */ = {isa = PBXFileReference; lastKnownFileType = image.png; name = appIcon.png; path = ../appIcon.png; sourceTree = "<group>"; };
		15D2CEA415B0C5B0006966AF /* UIConstants.h */ = {isa = PBXFileReference; fileEncoding = 4; lastKnownFileType = sourcecode.c.h; path = UIConstants.h; sourceTree = "<group>"; };
		15D2CEA915B0CB5A006966AF /* eject.gif */ = {isa = PBXFileReference; lastKnownFileType = image.gif; path = eject.gif; sourceTree = SOURCE_ROOT; };
		15D7FA6D15CF3DB1009318C6 /* Utilities.h */ = {isa = PBXFileReference; fileEncoding = 4; lastKnownFileType = sourcecode.c.h; path = Utilities.h; sourceTree = "<group>"; };
		15D7FA6E15CF3DB1009318C6 /* Utilities.m */ = {isa = PBXFileReference; fileEncoding = 4; lastKnownFileType = sourcecode.c.objc; path = Utilities.m; sourceTree = "<group>"; };
		15E163F3158B1AD900CC8FAC /* AudioToolbox.framework */ = {isa = PBXFileReference; lastKnownFileType = wrapper.framework; name = AudioToolbox.framework; path = System/Library/Frameworks/AudioToolbox.framework; sourceTree = SDKROOT; };
		15E163F5158B1AD900CC8FAC /* CoreAudio.framework */ = {isa = PBXFileReference; lastKnownFileType = wrapper.framework; name = CoreAudio.framework; path = System/Library/Frameworks/CoreAudio.framework; sourceTree = SDKROOT; };
/* End PBXFileReference section */

/* Begin PBXFrameworksBuildPhase section */
		151A42DB15538F9D003BF64A /* Frameworks */ = {
			isa = PBXFrameworksBuildPhase;
			buildActionMask = 2147483647;
			files = (
				154E7BD815C4CB4D00D3DE50 /* QuartzCore.framework in Frameworks */,
				15E163F8158B1AD900CC8FAC /* CoreAudio.framework in Frameworks */,
				1544D94915A22A0E00AE7C63 /* MediaPlayer.framework in Frameworks */,
				1544D94615A229EB00AE7C63 /* CoreMedia.framework in Frameworks */,
				15E163F6158B1AD900CC8FAC /* AudioToolbox.framework in Frameworks */,
				150CC5DA1554503000570ACC /* AVFoundation.framework in Frameworks */,
				151A42E315538F9D003BF64A /* UIKit.framework in Frameworks */,
				151A42E515538F9D003BF64A /* Foundation.framework in Frameworks */,
				151A42E715538F9D003BF64A /* CoreGraphics.framework in Frameworks */,
			);
			runOnlyForDeploymentPostprocessing = 0;
		};
/* End PBXFrameworksBuildPhase section */

/* Begin PBXGroup section */
		151A42D315538F9D003BF64A = {
			isa = PBXGroup;
			children = (
				151A42E815538F9D003BF64A /* SpiralPlayer */,
				151A42E115538F9D003BF64A /* Frameworks */,
				151A42DF15538F9D003BF64A /* Products */,
			);
			sourceTree = "<group>";
		};
		151A42DF15538F9D003BF64A /* Products */ = {
			isa = PBXGroup;
			children = (
				151A42DE15538F9D003BF64A /* SpiralPlayer.app */,
			);
			name = Products;
			sourceTree = "<group>";
		};
		151A42E115538F9D003BF64A /* Frameworks */ = {
			isa = PBXGroup;
			children = (
				154E7BD715C4CB4C00D3DE50 /* QuartzCore.framework */,
				1544D94815A22A0E00AE7C63 /* MediaPlayer.framework */,
				1544D94515A229EB00AE7C63 /* CoreMedia.framework */,
				15E163F3158B1AD900CC8FAC /* AudioToolbox.framework */,
				15E163F5158B1AD900CC8FAC /* CoreAudio.framework */,
				150CC5D91554503000570ACC /* AVFoundation.framework */,
				151A42E215538F9D003BF64A /* UIKit.framework */,
				151A42E415538F9D003BF64A /* Foundation.framework */,
				151A42E615538F9D003BF64A /* CoreGraphics.framework */,
			);
			name = Frameworks;
			sourceTree = "<group>";
		};
		151A42E815538F9D003BF64A /* SpiralPlayer */ = {
			isa = PBXGroup;
			children = (
				15D7FA7215CF3DE4009318C6 /* Spiral */,
				154E7C0415C7399D00D3DE50 /* Pizza */,
				1596CEC315BF7545001097AE /* Polyline */,
				15D7FA7115CF3DCF009318C6 /* Utils */,
				151A42F115538F9D003BF64A /* AppDelegate.h */,
				151A42F215538F9D003BF64A /* AppDelegate.m */,
				15CF25C315AD5410007CA929 /* WaveAudioPlayer.h */,
				15CF25C415AD5411007CA929 /* WaveAudioPlayer.m */,
				151A42F715538F9D003BF64A /* ViewController.xib */,
				1596CEC715C0C00F001097AE /* Data */,
				157D3F8115A7D4E0009064CF /* Music Files */,
				157D3F8015A7D4CE009064CF /* Assets */,
				151A42E915538F9D003BF64A /* Supporting Files */,
			);
			path = SpiralPlayer;
			sourceTree = "<group>";
		};
		151A42E915538F9D003BF64A /* Supporting Files */ = {
			isa = PBXGroup;
			children = (
				151A42EA15538F9D003BF64A /* SpiralPlayer-Info.plist */,
				151A42EB15538F9D003BF64A /* InfoPlist.strings */,
				151A42EE15538F9D003BF64A /* main.m */,
				151A42F015538F9D003BF64A /* SpiralPlayer-Prefix.pch */,
			);
			name = "Supporting Files";
			sourceTree = "<group>";
		};
		154E7C0415C7399D00D3DE50 /* Pizza */ = {
			isa = PBXGroup;
			children = (
				154E7C0615C739B600D3DE50 /* PizzaViewController.h */,
				154E7C0715C739B600D3DE50 /* PizzaViewController.m */,
				154E7C0915C739D100D3DE50 /* PizzaControl.h */,
				154E7C0A15C739D100D3DE50 /* PizzaControl.m */,
				154E7C1215C7445800D3DE50 /* SineWaveView.h */,
				154E7C1315C7445800D3DE50 /* SineWaveView.m */,
				1577830D15CA76A10029F11A /* ExperimentView.h */,
				1577830E15CA76A20029F11A /* ExperimentView.m */,
			);
			name = Pizza;
			sourceTree = "<group>";
		};
		157D3F8015A7D4CE009064CF /* Assets */ = {
			isa = PBXGroup;
			children = (
				1596CEDA15C0D6D1001097AE /* pinkfloyd.jpg */,
				15D2CEA115B0BFEF006966AF /* appIcon.png */,
				150AE12D15CC4F2200C1ED0F /* lana.png */,
				150AE12A15CB5EA700C1ED0F /* morcheeba-skye.png */,
				1577831015CA78C20029F11A /* florence_machine_cover.png */,
				154E7C1015C7431F00D3DE50 /* florence_cover.jpg */,
				15D2CEA915B0CB5A006966AF /* eject.gif */,
				157D3F7C15A7D368009064CF /* play1-150x150.png */,
				157D3F7D15A7D369009064CF /* pause1-150x150.png */,
				157D3F7A15A7D216009064CF /* choose_song_btn.png */,
				1533A54215853ED200E27069 /* handle@2x.png */,
			);
			name = Assets;
			sourceTree = "<group>";
		};
		157D3F8115A7D4E0009064CF /* Music Files */ = {
			isa = PBXGroup;
			children = (
				1596CEE015C1B048001097AE /* Jimmy Hendrix  – Voodoo Child.mp3 */,
				15C0829B15BA06E40031679E /* song.mp3 */,
			);
			name = "Music Files";
			sourceTree = "<group>";
		};
		1596CEC315BF7545001097AE /* Polyline */ = {
			isa = PBXGroup;
			children = (
				1596CEBB15BF72D6001097AE /* LineViewController.h */,
				1596CEBC15BF72D6001097AE /* LineViewController.m */,
				1596CEC415BF84E0001097AE /* CurveControl.h */,
				1596CEC515BF84E0001097AE /* CurveControl.m */,
			);
			name = Polyline;
			sourceTree = "<group>";
		};
		1596CEC715C0C00F001097AE /* Data */ = {
			isa = PBXGroup;
			children = (
				150AE14515CF2EF100C1ED0F /* sineWaveDataPoints.txt */,
				1596CEDE15C1ABAA001097AE /* lab1.ma */,
				1596CEDC15C0DC92001097AE /* lab2.ma */,
				1596CED815C0D672001097AE /* hendrix_high.ma */,
				1596CED215C0CCFE001097AE /* xx.ma */,
				1596CED615C0D52F001097AE /* parabola.ma */,
				1596CED415C0D471001097AE /* milesmedal.txt */,
				1596CED015C0CAF7001097AE /* hendrix.ma */,
				1596CEC815C0C021001097AE /* pinkfloyd4.ma */,
				1596CEC915C0C021001097AE /* pinkfloyd3.ma */,
				1596CECA15C0C021001097AE /* pinkfloyd2.ma */,
				1596CECB15C0C021001097AE /* pinkfloyd1.ma */,
			);
			name = Data;
			sourceTree = "<group>";
		};
		15D7FA7115CF3DCF009318C6 /* Utils */ = {
			isa = PBXGroup;
			children = (
				15D2CEA415B0C5B0006966AF /* UIConstants.h */,
				157D3F7315A7AFC8009064CF /* Constants.h */,
				15D7FA6D15CF3DB1009318C6 /* Utilities.h */,
				15D7FA6E15CF3DB1009318C6 /* Utilities.m */,
			);
			name = Utils;
			sourceTree = "<group>";
		};
		15D7FA7215CF3DE4009318C6 /* Spiral */ = {
			isa = PBXGroup;
			children = (
				151A42F415538F9D003BF64A /* ViewController.h */,
				151A42F515538F9D003BF64A /* ViewController.m */,
				150CC5D11554468200570ACC /* SpiralControl.h */,
				150CC5D21554468200570ACC /* SpiralControl.m */,
			);
			name = Spiral;
			sourceTree = "<group>";
		};
/* End PBXGroup section */

/* Begin PBXNativeTarget section */
		151A42DD15538F9D003BF64A /* SpiralPlayer */ = {
			isa = PBXNativeTarget;
			buildConfigurationList = 151A42FC15538F9D003BF64A /* Build configuration list for PBXNativeTarget "SpiralPlayer" */;
			buildPhases = (
				151A42DA15538F9D003BF64A /* Sources */,
				151A42DB15538F9D003BF64A /* Frameworks */,
				151A42DC15538F9D003BF64A /* Resources */,
			);
			buildRules = (
			);
			dependencies = (
			);
			name = SpiralPlayer;
			productName = SpiralPlayer;
			productReference = 151A42DE15538F9D003BF64A /* SpiralPlayer.app */;
			productType = "com.apple.product-type.application";
		};
/* End PBXNativeTarget section */

/* Begin PBXProject section */
		151A42D515538F9D003BF64A /* Project object */ = {
			isa = PBXProject;
			attributes = {
				LastUpgradeCheck = 0420;
			};
			buildConfigurationList = 151A42D815538F9D003BF64A /* Build configuration list for PBXProject "SpiralPlayer" */;
			compatibilityVersion = "Xcode 3.2";
			developmentRegion = English;
			hasScannedForEncodings = 0;
			knownRegions = (
				en,
			);
			mainGroup = 151A42D315538F9D003BF64A;
			productRefGroup = 151A42DF15538F9D003BF64A /* Products */;
			projectDirPath = "";
			projectRoot = "";
			targets = (
				151A42DD15538F9D003BF64A /* SpiralPlayer */,
			);
		};
/* End PBXProject section */

/* Begin PBXResourcesBuildPhase section */
		151A42DC15538F9D003BF64A /* Resources */ = {
			isa = PBXResourcesBuildPhase;
			buildActionMask = 2147483647;
			files = (
				151A42ED15538F9D003BF64A /* InfoPlist.strings in Resources */,
				151A42F915538F9D003BF64A /* ViewController.xib in Resources */,
				1533A54315853ED200E27069 /* handle@2x.png in Resources */,
				157D3F7B15A7D216009064CF /* choose_song_btn.png in Resources */,
				157D3F7E15A7D369009064CF /* play1-150x150.png in Resources */,
				157D3F7F15A7D369009064CF /* pause1-150x150.png in Resources */,
				15D2CEA215B0BFEF006966AF /* appIcon.png in Resources */,
				15D2CEAA15B0CB5A006966AF /* eject.gif in Resources */,
				15C0829C15BA06E40031679E /* song.mp3 in Resources */,
				1596CECC15C0C021001097AE /* pinkfloyd4.ma in Resources */,
				1596CECD15C0C021001097AE /* pinkfloyd3.ma in Resources */,
				1596CECE15C0C021001097AE /* pinkfloyd2.ma in Resources */,
				1596CECF15C0C021001097AE /* pinkfloyd1.ma in Resources */,
				1596CED115C0CAF7001097AE /* hendrix.ma in Resources */,
				1596CED315C0CCFE001097AE /* xx.ma in Resources */,
				1596CED515C0D471001097AE /* milesmedal.txt in Resources */,
				1596CED715C0D52F001097AE /* parabola.ma in Resources */,
				1596CED915C0D672001097AE /* hendrix_high.ma in Resources */,
				1596CEDB15C0D6D1001097AE /* pinkfloyd.jpg in Resources */,
				1596CEDD15C0DC92001097AE /* lab2.ma in Resources */,
				1596CEDF15C1ABAA001097AE /* lab1.ma in Resources */,
				1596CEE115C1B048001097AE /* Jimmy Hendrix  – Voodoo Child.mp3 in Resources */,
				154E7C1115C7431F00D3DE50 /* florence_cover.jpg in Resources */,
				1577831115CA78C30029F11A /* florence_machine_cover.png in Resources */,
				150AE12B15CB5EA700C1ED0F /* morcheeba-skye.png in Resources */,
				150AE12E15CC4F2200C1ED0F /* lana.png in Resources */,
				150AE14615CF2EF100C1ED0F /* sineWaveDataPoints.txt in Resources */,
			);
			runOnlyForDeploymentPostprocessing = 0;
		};
/* End PBXResourcesBuildPhase section */

/* Begin PBXSourcesBuildPhase section */
		151A42DA15538F9D003BF64A /* Sources */ = {
			isa = PBXSourcesBuildPhase;
			buildActionMask = 2147483647;
			files = (
				151A42EF15538F9D003BF64A /* main.m in Sources */,
				151A42F315538F9D003BF64A /* AppDelegate.m in Sources */,
				151A42F615538F9D003BF64A /* ViewController.m in Sources */,
				150CC5D31554468200570ACC /* SpiralControl.m in Sources */,
				15CF25C515AD5411007CA929 /* WaveAudioPlayer.m in Sources */,
				1596CEBD15BF72D6001097AE /* LineViewController.m in Sources */,
				1596CEC615BF84E0001097AE /* CurveControl.m in Sources */,
				154E7C0815C739B600D3DE50 /* PizzaViewController.m in Sources */,
				154E7C0B15C739D100D3DE50 /* PizzaControl.m in Sources */,
				154E7C1415C7445900D3DE50 /* SineWaveView.m in Sources */,
				1577830F15CA76A20029F11A /* ExperimentView.m in Sources */,
				15D7FA6F15CF3DB1009318C6 /* Utilities.m in Sources */,
			);
			runOnlyForDeploymentPostprocessing = 0;
		};
/* End PBXSourcesBuildPhase section */

/* Begin PBXVariantGroup section */
		151A42EB15538F9D003BF64A /* InfoPlist.strings */ = {
			isa = PBXVariantGroup;
			children = (
				151A42EC15538F9D003BF64A /* en */,
			);
			name = InfoPlist.strings;
			sourceTree = "<group>";
		};
		151A42F715538F9D003BF64A /* ViewController.xib */ = {
			isa = PBXVariantGroup;
			children = (
				151A42F815538F9D003BF64A /* en */,
			);
			name = ViewController.xib;
			sourceTree = "<group>";
		};
/* End PBXVariantGroup section */

/* Begin XCBuildConfiguration section */
		151A42FA15538F9D003BF64A /* Debug */ = {
			isa = XCBuildConfiguration;
			buildSettings = {
				ALWAYS_SEARCH_USER_PATHS = NO;
				ARCHS = "$(ARCHS_STANDARD_32_BIT)";
				"CODE_SIGN_IDENTITY[sdk=iphoneos*]" = "iPhone Developer";
				COPY_PHASE_STRIP = NO;
				GCC_C_LANGUAGE_STANDARD = gnu99;
				GCC_DYNAMIC_NO_PIC = NO;
				GCC_OPTIMIZATION_LEVEL = 0;
				GCC_PREPROCESSOR_DEFINITIONS = (
					"DEBUG=1",
					"$(inherited)",
				);
				GCC_SYMBOLS_PRIVATE_EXTERN = NO;
				GCC_VERSION = com.apple.compilers.llvm.clang.1_0;
				GCC_WARN_ABOUT_MISSING_PROTOTYPES = YES;
				GCC_WARN_ABOUT_RETURN_TYPE = YES;
				GCC_WARN_UNUSED_VARIABLE = YES;
				IPHONEOS_DEPLOYMENT_TARGET = 5.0;
				SDKROOT = iphoneos;
				TARGETED_DEVICE_FAMILY = 2;
			};
			name = Debug;
		};
		151A42FB15538F9D003BF64A /* Release */ = {
			isa = XCBuildConfiguration;
			buildSettings = {
				ALWAYS_SEARCH_USER_PATHS = NO;
				ARCHS = "$(ARCHS_STANDARD_32_BIT)";
				"CODE_SIGN_IDENTITY[sdk=iphoneos*]" = "iPhone Developer";
				COPY_PHASE_STRIP = YES;
				GCC_C_LANGUAGE_STANDARD = gnu99;
				GCC_VERSION = com.apple.compilers.llvm.clang.1_0;
				GCC_WARN_ABOUT_MISSING_PROTOTYPES = YES;
				GCC_WARN_ABOUT_RETURN_TYPE = YES;
				GCC_WARN_UNUSED_VARIABLE = YES;
				IPHONEOS_DEPLOYMENT_TARGET = 5.0;
				OTHER_CFLAGS = "-DNS_BLOCK_ASSERTIONS=1";
				SDKROOT = iphoneos;
				TARGETED_DEVICE_FAMILY = 2;
				VALIDATE_PRODUCT = YES;
			};
			name = Release;
		};
		151A42FD15538F9D003BF64A /* Debug */ = {
			isa = XCBuildConfiguration;
			buildSettings = {
				GCC_PRECOMPILE_PREFIX_HEADER = YES;
				GCC_PREFIX_HEADER = "SpiralPlayer/SpiralPlayer-Prefix.pch";
				INFOPLIST_FILE = "SpiralPlayer/SpiralPlayer-Info.plist";
				IPHONEOS_DEPLOYMENT_TARGET = 5.0;
				PRODUCT_NAME = "$(TARGET_NAME)";
				TARGETED_DEVICE_FAMILY = "1,2";
				WRAPPER_EXTENSION = app;
			};
			name = Debug;
		};
		151A42FE15538F9D003BF64A /* Release */ = {
			isa = XCBuildConfiguration;
			buildSettings = {
				GCC_PRECOMPILE_PREFIX_HEADER = YES;
				GCC_PREFIX_HEADER = "SpiralPlayer/SpiralPlayer-Prefix.pch";
				INFOPLIST_FILE = "SpiralPlayer/SpiralPlayer-Info.plist";
				IPHONEOS_DEPLOYMENT_TARGET = 5.0;
				PRODUCT_NAME = "$(TARGET_NAME)";
				TARGETED_DEVICE_FAMILY = "1,2";
				WRAPPER_EXTENSION = app;
			};
			name = Release;
		};
/* End XCBuildConfiguration section */

/* Begin XCConfigurationList section */
		151A42D815538F9D003BF64A /* Build configuration list for PBXProject "SpiralPlayer" */ = {
			isa = XCConfigurationList;
			buildConfigurations = (
				151A42FA15538F9D003BF64A /* Debug */,
				151A42FB15538F9D003BF64A /* Release */,
			);
			defaultConfigurationIsVisible = 0;
			defaultConfigurationName = Release;
		};
		151A42FC15538F9D003BF64A /* Build configuration list for PBXNativeTarget "SpiralPlayer" */ = {
			isa = XCConfigurationList;
			buildConfigurations = (
				151A42FD15538F9D003BF64A /* Debug */,
				151A42FE15538F9D003BF64A /* Release */,
			);
			defaultConfigurationIsVisible = 0;
			defaultConfigurationName = Release;
		};
/* End XCConfigurationList section */
	};
	rootObject = 151A42D515538F9D003BF64A /* Project object */;
}
