// !$*UTF8*$!
{
	archiveVersion = 1;
	classes = {
	};
	objectVersion = 46;
	objects = {

/* Begin PBXBuildFile section */
		150AE12B15CB5EA700C1ED0F /* morcheeba-skye.png in Resources */ = {isa = PBXBuildFile; fileRef = 150AE12A15CB5EA700C1ED0F /* morcheeba-skye.png */; };
		150AE12E15CC4F2200C1ED0F /* lana.png in Resources */ = {isa = PBXBuildFile; fileRef = 150AE12D15CC4F2200C1ED0F /* lana.png */; };
		150AE14615CF2EF100C1ED0F /* sineWaveDataPoints.txt in Resources */ = {isa = PBXBuildFile; fileRef = 150AE14515CF2EF100C1ED0F /* sineWaveDataPoints.txt */; };
		150CC5D31554468200570ACC /* SpiralControl.m in Sources */ = {isa = PBXBuildFile; fileRef = 150CC5D21554468200570ACC /* SpiralControl.m */; };
		150CC5DA1554503000570ACC /* AVFoundation.framework in Frameworks */ = {isa = PBXBuildFile; fileRef = 150CC5D91554503000570ACC /* AVFoundation.framework */; };
		151A42E315538F9D003BF64A /* UIKit.framework in Frameworks */ = {isa = PBXBuildFile; fileRef = 151A42E215538F9D003BF64A /* UIKit.framework */; };
		151A42E515538F9D003BF64A /* Foundation.framework in Frameworks */ = {isa = PBXBuildFile; fileRef = 151A42E415538F9D003BF64A /* Foundation.framework */; };
		151A42E715538F9D003BF64A /* CoreGraphics.framework in Frameworks */ = {isa = PBXBuildFile; fileRef = 151A42E615538F9D003BF64A /* CoreGraphics.framework */; };
		151A42ED15538F9D003BF64A /* InfoPlist.strings in Resources */ = {isa = PBXBuildFile; fileRef = 151A42EB15538F9D003BF64A /* InfoPlist.strings */; };
		151A42EF15538F9D003BF64A /* main.m in Sources */ = {isa = PBXBuildFile; fileRef = 151A42EE15538F9D003BF64A /* main.m */; };
		151A42F315538F9D003BF64A /* AppDelegate.m in Sources */ = {isa = PBXBuildFile; fileRef = 151A42F215538F9D003BF64A /* AppDelegate.m */; };
		151A42F615538F9D003BF64A /* ViewController.m in Sources */ = {isa = PBXBuildFile; fileRef = 151A42F515538F9D003BF64A /* ViewController.m */; };
		151A42F915538F9D003BF64A /* ViewController.xib in Resources */ = {isa = PBXBuildFile; fileRef = 151A42F715538F9D003BF64A /* ViewController.xib */; };
		1533A54315853ED200E27069 /* handle@2x.png in Resources */ = {isa = PBXBuildFile; fileRef = 1533A54215853ED200E27069 /* handle@2x.png */; };
		1544340F15E49B8200FEBAC0 /* SegmentObject.m in Sources */ = {isa = PBXBuildFile; fileRef = 1544340E15E49B8200FEBAC0 /* SegmentObject.m */; };
		1544342D15E5CFB100FEBAC0 /* 1.png in Resources */ = {isa = PBXBuildFile; fileRef = 1544341515E5CFB100FEBAC0 /* 1.png */; };
		1544342E15E5CFB100FEBAC0 /* 2.png in Resources */ = {isa = PBXBuildFile; fileRef = 1544341615E5CFB100FEBAC0 /* 2.png */; };
		1544342F15E5CFB100FEBAC0 /* 3.png in Resources */ = {isa = PBXBuildFile; fileRef = 1544341715E5CFB100FEBAC0 /* 3.png */; };
		1544343015E5CFB100FEBAC0 /* 4.png in Resources */ = {isa = PBXBuildFile; fileRef = 1544341815E5CFB100FEBAC0 /* 4.png */; };
		1544343115E5CFB100FEBAC0 /* 5.png in Resources */ = {isa = PBXBuildFile; fileRef = 1544341915E5CFB100FEBAC0 /* 5.png */; };
		1544343215E5CFB100FEBAC0 /* 6.png in Resources */ = {isa = PBXBuildFile; fileRef = 1544341A15E5CFB100FEBAC0 /* 6.png */; };
		1544343315E5CFB100FEBAC0 /* 7.png in Resources */ = {isa = PBXBuildFile; fileRef = 1544341B15E5CFB100FEBAC0 /* 7.png */; };
		1544343415E5CFB100FEBAC0 /* 8.png in Resources */ = {isa = PBXBuildFile; fileRef = 1544341C15E5CFB100FEBAC0 /* 8.png */; };
		1544343515E5CFB100FEBAC0 /* 9.png in Resources */ = {isa = PBXBuildFile; fileRef = 1544341D15E5CFB100FEBAC0 /* 9.png */; };
		1544343615E5CFB100FEBAC0 /* 10.png in Resources */ = {isa = PBXBuildFile; fileRef = 1544341E15E5CFB100FEBAC0 /* 10.png */; };
		1544343715E5CFB100FEBAC0 /* 11.png in Resources */ = {isa = PBXBuildFile; fileRef = 1544341F15E5CFB100FEBAC0 /* 11.png */; };
		1544343815E5CFB100FEBAC0 /* 12.png in Resources */ = {isa = PBXBuildFile; fileRef = 1544342015E5CFB100FEBAC0 /* 12.png */; };
		1544343915E5CFB100FEBAC0 /* 13.png in Resources */ = {isa = PBXBuildFile; fileRef = 1544342115E5CFB100FEBAC0 /* 13.png */; };
		1544343A15E5CFB100FEBAC0 /* 14.png in Resources */ = {isa = PBXBuildFile; fileRef = 1544342215E5CFB100FEBAC0 /* 14.png */; };
		1544343B15E5CFB100FEBAC0 /* 15.png in Resources */ = {isa = PBXBuildFile; fileRef = 1544342315E5CFB100FEBAC0 /* 15.png */; };
		1544343C15E5CFB100FEBAC0 /* 16.png in Resources */ = {isa = PBXBuildFile; fileRef = 1544342415E5CFB100FEBAC0 /* 16.png */; };
		1544343D15E5CFB100FEBAC0 /* 17.png in Resources */ = {isa = PBXBuildFile; fileRef = 1544342515E5CFB100FEBAC0 /* 17.png */; };
		1544343E15E5CFB100FEBAC0 /* 18.png in Resources */ = {isa = PBXBuildFile; fileRef = 1544342615E5CFB100FEBAC0 /* 18.png */; };
		1544343F15E5CFB100FEBAC0 /* 19.png in Resources */ = {isa = PBXBuildFile; fileRef = 1544342715E5CFB100FEBAC0 /* 19.png */; };
		1544344015E5CFB100FEBAC0 /* 20.png in Resources */ = {isa = PBXBuildFile; fileRef = 1544342815E5CFB100FEBAC0 /* 20.png */; };
		1544344115E5CFB100FEBAC0 /* 21.png in Resources */ = {isa = PBXBuildFile; fileRef = 1544342915E5CFB100FEBAC0 /* 21.png */; };
		1544344215E5CFB100FEBAC0 /* 22.png in Resources */ = {isa = PBXBuildFile; fileRef = 1544342A15E5CFB100FEBAC0 /* 22.png */; };
		1544344315E5CFB100FEBAC0 /* 23.png in Resources */ = {isa = PBXBuildFile; fileRef = 1544342B15E5CFB100FEBAC0 /* 23.png */; };
		1544344715E5E72700FEBAC0 /* 0.png in Resources */ = {isa = PBXBuildFile; fileRef = 1544344615E5E72700FEBAC0 /* 0.png */; };
		1544D94615A229EB00AE7C63 /* CoreMedia.framework in Frameworks */ = {isa = PBXBuildFile; fileRef = 1544D94515A229EB00AE7C63 /* CoreMedia.framework */; };
		1544D94915A22A0E00AE7C63 /* MediaPlayer.framework in Frameworks */ = {isa = PBXBuildFile; fileRef = 1544D94815A22A0E00AE7C63 /* MediaPlayer.framework */; };
		154E7BD815C4CB4D00D3DE50 /* QuartzCore.framework in Frameworks */ = {isa = PBXBuildFile; fileRef = 154E7BD715C4CB4C00D3DE50 /* QuartzCore.framework */; };
		154E7C0815C739B600D3DE50 /* PizzaViewController.m in Sources */ = {isa = PBXBuildFile; fileRef = 154E7C0715C739B600D3DE50 /* PizzaViewController.m */; };
		154E7C0B15C739D100D3DE50 /* PizzaControl.m in Sources */ = {isa = PBXBuildFile; fileRef = 154E7C0A15C739D100D3DE50 /* PizzaControl.m */; };
		154E7C1115C7431F00D3DE50 /* florence_cover.jpg in Resources */ = {isa = PBXBuildFile; fileRef = 154E7C1015C7431F00D3DE50 /* florence_cover.jpg */; };
		154E7C1415C7445900D3DE50 /* SineWaveView.m in Sources */ = {isa = PBXBuildFile; fileRef = 154E7C1315C7445800D3DE50 /* SineWaveView.m */; };
		156EC33415EB1E9600D3EAEA /* ContainerView.m in Sources */ = {isa = PBXBuildFile; fileRef = 156EC33315EB1E9600D3EAEA /* ContainerView.m */; };
		156EC34515EB432800D3EAEA /* 1.mp3 in Resources */ = {isa = PBXBuildFile; fileRef = 156EC33915EB432800D3EAEA /* 1.mp3 */; };
		156EC34615EB432800D3EAEA /* 2.mp3 in Resources */ = {isa = PBXBuildFile; fileRef = 156EC33A15EB432800D3EAEA /* 2.mp3 */; };
		156EC34715EB432800D3EAEA /* 3.mp3 in Resources */ = {isa = PBXBuildFile; fileRef = 156EC33B15EB432800D3EAEA /* 3.mp3 */; };
		156EC34815EB432800D3EAEA /* 4.mp3 in Resources */ = {isa = PBXBuildFile; fileRef = 156EC33C15EB432800D3EAEA /* 4.mp3 */; };
		156EC34915EB432800D3EAEA /* 5.mp3 in Resources */ = {isa = PBXBuildFile; fileRef = 156EC33D15EB432800D3EAEA /* 5.mp3 */; };
		156EC34A15EB432800D3EAEA /* 6.mp3 in Resources */ = {isa = PBXBuildFile; fileRef = 156EC33E15EB432800D3EAEA /* 6.mp3 */; };
		156EC34B15EB432800D3EAEA /* 7.mp3 in Resources */ = {isa = PBXBuildFile; fileRef = 156EC33F15EB432800D3EAEA /* 7.mp3 */; };
		156EC34C15EB432800D3EAEA /* 8.mp3 in Resources */ = {isa = PBXBuildFile; fileRef = 156EC34015EB432800D3EAEA /* 8.mp3 */; };
		156EC34D15EB432800D3EAEA /* 9.mp3 in Resources */ = {isa = PBXBuildFile; fileRef = 156EC34115EB432800D3EAEA /* 9.mp3 */; };
		156EC34E15EB432800D3EAEA /* 10.mp3 in Resources */ = {isa = PBXBuildFile; fileRef = 156EC34215EB432800D3EAEA /* 10.mp3 */; };
		156EC34F15EB432800D3EAEA /* 11.mp3 in Resources */ = {isa = PBXBuildFile; fileRef = 156EC34315EB432800D3EAEA /* 11.mp3 */; };
		156EC35015EB432800D3EAEA /* 0.mp3 in Resources */ = {isa = PBXBuildFile; fileRef = 156EC34415EB432800D3EAEA /* 0.mp3 */; };
		156EC35215EB62F200D3EAEA /* segmentData.txt in Resources */ = {isa = PBXBuildFile; fileRef = 156EC35115EB62F200D3EAEA /* segmentData.txt */; };
		156EC35515EB6DAD00D3EAEA /* CoverSegment.m in Sources */ = {isa = PBXBuildFile; fileRef = 156EC35415EB6DAC00D3EAEA /* CoverSegment.m */; };
		156EC35B15EB7CB400D3EAEA /* SegmentAudioUnit.m in Sources */ = {isa = PBXBuildFile; fileRef = 156EC35A15EB7CB300D3EAEA /* SegmentAudioUnit.m */; };
		156EC35E15EBBE6E00D3EAEA /* PlayListView.m in Sources */ = {isa = PBXBuildFile; fileRef = 156EC35D15EBBE6E00D3EAEA /* PlayListView.m */; };
		1577830F15CA76A20029F11A /* ExperimentView.m in Sources */ = {isa = PBXBuildFile; fileRef = 1577830E15CA76A20029F11A /* ExperimentView.m */; };
		1577831115CA78C30029F11A /* florence_machine_cover.png in Resources */ = {isa = PBXBuildFile; fileRef = 1577831015CA78C20029F11A /* florence_machine_cover.png */; };
		157D3F7B15A7D216009064CF /* choose_song_btn.png in Resources */ = {isa = PBXBuildFile; fileRef = 157D3F7A15A7D216009064CF /* choose_song_btn.png */; };
		157D3F7E15A7D369009064CF /* play1-150x150.png in Resources */ = {isa = PBXBuildFile; fileRef = 157D3F7C15A7D368009064CF /* play1-150x150.png */; };
		157D3F7F15A7D369009064CF /* pause1-150x150.png in Resources */ = {isa = PBXBuildFile; fileRef = 157D3F7D15A7D369009064CF /* pause1-150x150.png */; };
		1596CEBD15BF72D6001097AE /* PolyLineViewController.m in Sources */ = {isa = PBXBuildFile; fileRef = 1596CEBC15BF72D6001097AE /* PolyLineViewController.m */; };
		1596CEC615BF84E0001097AE /* PolyLineControl.m in Sources */ = {isa = PBXBuildFile; fileRef = 1596CEC515BF84E0001097AE /* PolyLineControl.m */; };
		1596CECC15C0C021001097AE /* pinkfloyd4.ma in Resources */ = {isa = PBXBuildFile; fileRef = 1596CEC815C0C021001097AE /* pinkfloyd4.ma */; };
		1596CECD15C0C021001097AE /* pinkfloyd3.ma in Resources */ = {isa = PBXBuildFile; fileRef = 1596CEC915C0C021001097AE /* pinkfloyd3.ma */; };
		1596CECE15C0C021001097AE /* pinkfloyd2.ma in Resources */ = {isa = PBXBuildFile; fileRef = 1596CECA15C0C021001097AE /* pinkfloyd2.ma */; };
		1596CECF15C0C021001097AE /* pinkfloyd1.ma in Resources */ = {isa = PBXBuildFile; fileRef = 1596CECB15C0C021001097AE /* pinkfloyd1.ma */; };
		1596CED115C0CAF7001097AE /* hendrix.ma in Resources */ = {isa = PBXBuildFile; fileRef = 1596CED015C0CAF7001097AE /* hendrix.ma */; };
		1596CED315C0CCFE001097AE /* xx.ma in Resources */ = {isa = PBXBuildFile; fileRef = 1596CED215C0CCFE001097AE /* xx.ma */; };
		1596CED515C0D471001097AE /* milesmedal.txt in Resources */ = {isa = PBXBuildFile; fileRef = 1596CED415C0D471001097AE /* milesmedal.txt */; };
		1596CED715C0D52F001097AE /* parabola.ma in Resources */ = {isa = PBXBuildFile; fileRef = 1596CED615C0D52F001097AE /* parabola.ma */; };
		1596CED915C0D672001097AE /* hendrix_high.ma in Resources */ = {isa = PBXBuildFile; fileRef = 1596CED815C0D672001097AE /* hendrix_high.ma */; };
		1596CEDB15C0D6D1001097AE /* pinkfloyd.jpg in Resources */ = {isa = PBXBuildFile; fileRef = 1596CEDA15C0D6D1001097AE /* pinkfloyd.jpg */; };
		1596CEDD15C0DC92001097AE /* lab2.ma in Resources */ = {isa = PBXBuildFile; fileRef = 1596CEDC15C0DC92001097AE /* lab2.ma */; };
		1596CEDF15C1ABAA001097AE /* lab1.ma in Resources */ = {isa = PBXBuildFile; fileRef = 1596CEDE15C1ABAA001097AE /* lab1.ma */; };
		1596CEE115C1B048001097AE /* hendrix.mp3 in Resources */ = {isa = PBXBuildFile; fileRef = 1596CEE015C1B048001097AE /* hendrix.mp3 */; };
		15A2D6A615E47C9C00DDB8E4 /* icon0.png in Resources */ = {isa = PBXBuildFile; fileRef = 15A2D69E15E47C9C00DDB8E4 /* icon0.png */; };
		15A2D6A715E47C9C00DDB8E4 /* icon1.png in Resources */ = {isa = PBXBuildFile; fileRef = 15A2D69F15E47C9C00DDB8E4 /* icon1.png */; };
		15A2D6A815E47C9C00DDB8E4 /* icon2.png in Resources */ = {isa = PBXBuildFile; fileRef = 15A2D6A015E47C9C00DDB8E4 /* icon2.png */; };
		15A2D6A915E47C9C00DDB8E4 /* icon3.png in Resources */ = {isa = PBXBuildFile; fileRef = 15A2D6A115E47C9C00DDB8E4 /* icon3.png */; };
		15A2D6AA15E47C9C00DDB8E4 /* icon4.png in Resources */ = {isa = PBXBuildFile; fileRef = 15A2D6A215E47C9C00DDB8E4 /* icon4.png */; };
		15A2D6AB15E47C9C00DDB8E4 /* icon5.png in Resources */ = {isa = PBXBuildFile; fileRef = 15A2D6A315E47C9C00DDB8E4 /* icon5.png */; };
		15A2D6AC15E47C9C00DDB8E4 /* icon6.png in Resources */ = {isa = PBXBuildFile; fileRef = 15A2D6A415E47C9C00DDB8E4 /* icon6.png */; };
		15A2D6AD15E47C9C00DDB8E4 /* icon7.png in Resources */ = {isa = PBXBuildFile; fileRef = 15A2D6A515E47C9C00DDB8E4 /* icon7.png */; };
		15C0829C15BA06E40031679E /* Zaz.mp3 in Resources */ = {isa = PBXBuildFile; fileRef = 15C0829B15BA06E40031679E /* Zaz.mp3 */; };
		15CF25C515AD5411007CA929 /* WaveAudioPlayer.m in Sources */ = {isa = PBXBuildFile; fileRef = 15CF25C415AD5411007CA929 /* WaveAudioPlayer.m */; };
		15D2CEA215B0BFEF006966AF /* appIcon.png in Resources */ = {isa = PBXBuildFile; fileRef = 15D2CEA115B0BFEF006966AF /* appIcon.png */; };
		15D2CEAA15B0CB5A006966AF /* eject.gif in Resources */ = {isa = PBXBuildFile; fileRef = 15D2CEA915B0CB5A006966AF /* eject.gif */; };
		15D54CA515D3130200A42E87 /* SpaceViewController.m in Sources */ = {isa = PBXBuildFile; fileRef = 15D54CA415D3130200A42E87 /* SpaceViewController.m */; };
		15D77B4D15D31440003162A3 /* ZoomableView.m in Sources */ = {isa = PBXBuildFile; fileRef = 15D77B4C15D31440003162A3 /* ZoomableView.m */; };
		15D77B5A15D44B0D003162A3 /* lana190.png in Resources */ = {isa = PBXBuildFile; fileRef = 15D77B5915D44B0D003162A3 /* lana190.png */; };
		15D77B6115D4A3B3003162A3 /* DataPointsManager.m in Sources */ = {isa = PBXBuildFile; fileRef = 15D77B6015D4A3B3003162A3 /* DataPointsManager.m */; };
		15D77B6815D4AAD9003162A3 /* GridHashTable.m in Sources */ = {isa = PBXBuildFile; fileRef = 15D77B6715D4AAD9003162A3 /* GridHashTable.m */; };
		15D77B7515D5C8D3003162A3 /* move.gif in Resources */ = {isa = PBXBuildFile; fileRef = 15D77B7415D5C8D3003162A3 /* move.gif */; };
		15D77B7815D5F65B003162A3 /* PolyLineAudioUnitView.m in Sources */ = {isa = PBXBuildFile; fileRef = 15D77B7715D5F65B003162A3 /* PolyLineAudioUnitView.m */; };
		15D77B8315D94717003162A3 /* playbutton.gif in Resources */ = {isa = PBXBuildFile; fileRef = 15D77B8215D94717003162A3 /* playbutton.gif */; };
		15D77B8615D949D9003162A3 /* moveButton.png in Resources */ = {isa = PBXBuildFile; fileRef = 15D77B8515D949D9003162A3 /* moveButton.png */; };
		15D77B9015D95573003162A3 /* life.mp3 in Resources */ = {isa = PBXBuildFile; fileRef = 15D77B8F15D95573003162A3 /* life.mp3 */; };
		15DA53C715FC516600C3E1B0 /* LyricsViewController.m in Sources */ = {isa = PBXBuildFile; fileRef = 15DA53C615FC516600C3E1B0 /* LyricsViewController.m */; };
		15DA53CC15FC59CC00C3E1B0 /* Utilities.m in Sources */ = {isa = PBXBuildFile; fileRef = 15DA53CB15FC59CC00C3E1B0 /* Utilities.m */; };
		15DA53CF15FC5ED200C3E1B0 /* TextSegment.m in Sources */ = {isa = PBXBuildFile; fileRef = 15DA53CE15FC5ED200C3E1B0 /* TextSegment.m */; };
		15DA9A5815E18EF3002FF037 /* ZhengViewController.m in Sources */ = {isa = PBXBuildFile; fileRef = 15DA9A5715E18EF3002FF037 /* ZhengViewController.m */; };
		15DA9A7115E411E6002FF037 /* ZhengControl.m in Sources */ = {isa = PBXBuildFile; fileRef = 15DA9A7015E411E5002FF037 /* ZhengControl.m */; };
		15DA9A7315E4249E002FF037 /* segment.png in Resources */ = {isa = PBXBuildFile; fileRef = 15DA9A7215E4249E002FF037 /* segment.png */; };
		15DA9A7615E42F98002FF037 /* SegmentView.m in Sources */ = {isa = PBXBuildFile; fileRef = 15DA9A7515E42F97002FF037 /* SegmentView.m */; };
		15DA9A7815E443F4002FF037 /* segment_black.png in Resources */ = {isa = PBXBuildFile; fileRef = 15DA9A7715E443F4002FF037 /* segment_black.png */; };
		15E163F6158B1AD900CC8FAC /* AudioToolbox.framework in Frameworks */ = {isa = PBXBuildFile; fileRef = 15E163F3158B1AD900CC8FAC /* AudioToolbox.framework */; };
		15E163F8158B1AD900CC8FAC /* CoreAudio.framework in Frameworks */ = {isa = PBXBuildFile; fileRef = 15E163F5158B1AD900CC8FAC /* CoreAudio.framework */; };
		15F9BF0E15F5819E00B8A252 /* LyricsControl.m in Sources */ = {isa = PBXBuildFile; fileRef = 15F9BF0D15F5819D00B8A252 /* LyricsControl.m */; };
/* End PBXBuildFile section */

/* Begin PBXFileReference section */
		150AE12A15CB5EA700C1ED0F /* morcheeba-skye.png */ = {isa = PBXFileReference; lastKnownFileType = image.png; path = "morcheeba-skye.png"; sourceTree = "<group>"; };
		150AE12D15CC4F2200C1ED0F /* lana.png */ = {isa = PBXFileReference; lastKnownFileType = image.png; path = lana.png; sourceTree = "<group>"; };
		150AE14515CF2EF100C1ED0F /* sineWaveDataPoints.txt */ = {isa = PBXFileReference; fileEncoding = 4; lastKnownFileType = text; path = sineWaveDataPoints.txt; sourceTree = "<group>"; };
		150CC5D11554468200570ACC /* SpiralControl.h */ = {isa = PBXFileReference; fileEncoding = 4; lastKnownFileType = sourcecode.c.h; path = SpiralControl.h; sourceTree = "<group>"; };
		150CC5D21554468200570ACC /* SpiralControl.m */ = {isa = PBXFileReference; fileEncoding = 4; lastKnownFileType = sourcecode.c.objc; path = SpiralControl.m; sourceTree = "<group>"; };
		150CC5D91554503000570ACC /* AVFoundation.framework */ = {isa = PBXFileReference; lastKnownFileType = wrapper.framework; name = AVFoundation.framework; path = System/Library/Frameworks/AVFoundation.framework; sourceTree = SDKROOT; };
		151A42DE15538F9D003BF64A /* SpiralPlayer.app */ = {isa = PBXFileReference; explicitFileType = wrapper.application; includeInIndex = 0; path = SpiralPlayer.app; sourceTree = BUILT_PRODUCTS_DIR; };
		151A42E215538F9D003BF64A /* UIKit.framework */ = {isa = PBXFileReference; lastKnownFileType = wrapper.framework; name = UIKit.framework; path = System/Library/Frameworks/UIKit.framework; sourceTree = SDKROOT; };
		151A42E415538F9D003BF64A /* Foundation.framework */ = {isa = PBXFileReference; lastKnownFileType = wrapper.framework; name = Foundation.framework; path = System/Library/Frameworks/Foundation.framework; sourceTree = SDKROOT; };
		151A42E615538F9D003BF64A /* CoreGraphics.framework */ = {isa = PBXFileReference; lastKnownFileType = wrapper.framework; name = CoreGraphics.framework; path = System/Library/Frameworks/CoreGraphics.framework; sourceTree = SDKROOT; };
		151A42EA15538F9D003BF64A /* SpiralPlayer-Info.plist */ = {isa = PBXFileReference; lastKnownFileType = text.plist.xml; path = "SpiralPlayer-Info.plist"; sourceTree = "<group>"; };
		151A42EC15538F9D003BF64A /* en */ = {isa = PBXFileReference; lastKnownFileType = text.plist.strings; name = en; path = en.lproj/InfoPlist.strings; sourceTree = "<group>"; };
		151A42EE15538F9D003BF64A /* main.m */ = {isa = PBXFileReference; lastKnownFileType = sourcecode.c.objc; path = main.m; sourceTree = "<group>"; };
		151A42F015538F9D003BF64A /* SpiralPlayer-Prefix.pch */ = {isa = PBXFileReference; lastKnownFileType = sourcecode.c.h; path = "SpiralPlayer-Prefix.pch"; sourceTree = "<group>"; };
		151A42F115538F9D003BF64A /* AppDelegate.h */ = {isa = PBXFileReference; lastKnownFileType = sourcecode.c.h; path = AppDelegate.h; sourceTree = "<group>"; };
		151A42F215538F9D003BF64A /* AppDelegate.m */ = {isa = PBXFileReference; lastKnownFileType = sourcecode.c.objc; path = AppDelegate.m; sourceTree = "<group>"; };
		151A42F415538F9D003BF64A /* ViewController.h */ = {isa = PBXFileReference; lastKnownFileType = sourcecode.c.h; path = ViewController.h; sourceTree = "<group>"; };
		151A42F515538F9D003BF64A /* ViewController.m */ = {isa = PBXFileReference; lastKnownFileType = sourcecode.c.objc; path = ViewController.m; sourceTree = "<group>"; };
		151A42F815538F9D003BF64A /* en */ = {isa = PBXFileReference; lastKnownFileType = file.xib; name = en; path = en.lproj/ViewController.xib; sourceTree = "<group>"; };
		1533A54215853ED200E27069 /* handle@2x.png */ = {isa = PBXFileReference; lastKnownFileType = image.png; path = "handle@2x.png"; sourceTree = "<group>"; };
		1544340D15E49B8200FEBAC0 /* SegmentObject.h */ = {isa = PBXFileReference; fileEncoding = 4; lastKnownFileType = sourcecode.c.h; path = SegmentObject.h; sourceTree = "<group>"; };
		1544340E15E49B8200FEBAC0 /* SegmentObject.m */ = {isa = PBXFileReference; fileEncoding = 4; lastKnownFileType = sourcecode.c.objc; path = SegmentObject.m; sourceTree = "<group>"; };
		1544341515E5CFB100FEBAC0 /* 1.png */ = {isa = PBXFileReference; lastKnownFileType = image.png; name = 1.png; path = covers/1.png; sourceTree = SOURCE_ROOT; };
		1544341615E5CFB100FEBAC0 /* 2.png */ = {isa = PBXFileReference; lastKnownFileType = image.png; name = 2.png; path = covers/2.png; sourceTree = SOURCE_ROOT; };
		1544341715E5CFB100FEBAC0 /* 3.png */ = {isa = PBXFileReference; lastKnownFileType = image.png; name = 3.png; path = covers/3.png; sourceTree = SOURCE_ROOT; };
		1544341815E5CFB100FEBAC0 /* 4.png */ = {isa = PBXFileReference; lastKnownFileType = image.png; name = 4.png; path = covers/4.png; sourceTree = SOURCE_ROOT; };
		1544341915E5CFB100FEBAC0 /* 5.png */ = {isa = PBXFileReference; lastKnownFileType = image.png; name = 5.png; path = covers/5.png; sourceTree = SOURCE_ROOT; };
		1544341A15E5CFB100FEBAC0 /* 6.png */ = {isa = PBXFileReference; lastKnownFileType = image.png; name = 6.png; path = covers/6.png; sourceTree = SOURCE_ROOT; };
		1544341B15E5CFB100FEBAC0 /* 7.png */ = {isa = PBXFileReference; lastKnownFileType = image.png; name = 7.png; path = covers/7.png; sourceTree = SOURCE_ROOT; };
		1544341C15E5CFB100FEBAC0 /* 8.png */ = {isa = PBXFileReference; lastKnownFileType = image.png; name = 8.png; path = covers/8.png; sourceTree = SOURCE_ROOT; };
		1544341D15E5CFB100FEBAC0 /* 9.png */ = {isa = PBXFileReference; lastKnownFileType = image.png; name = 9.png; path = covers/9.png; sourceTree = SOURCE_ROOT; };
		1544341E15E5CFB100FEBAC0 /* 10.png */ = {isa = PBXFileReference; lastKnownFileType = image.png; name = 10.png; path = covers/10.png; sourceTree = SOURCE_ROOT; };
		1544341F15E5CFB100FEBAC0 /* 11.png */ = {isa = PBXFileReference; lastKnownFileType = image.png; name = 11.png; path = covers/11.png; sourceTree = SOURCE_ROOT; };
		1544342015E5CFB100FEBAC0 /* 12.png */ = {isa = PBXFileReference; lastKnownFileType = image.png; name = 12.png; path = covers/12.png; sourceTree = SOURCE_ROOT; };
		1544342115E5CFB100FEBAC0 /* 13.png */ = {isa = PBXFileReference; lastKnownFileType = image.png; name = 13.png; path = covers/13.png; sourceTree = SOURCE_ROOT; };
		1544342215E5CFB100FEBAC0 /* 14.png */ = {isa = PBXFileReference; lastKnownFileType = image.png; name = 14.png; path = covers/14.png; sourceTree = SOURCE_ROOT; };
		1544342315E5CFB100FEBAC0 /* 15.png */ = {isa = PBXFileReference; lastKnownFileType = image.png; name = 15.png; path = covers/15.png; sourceTree = SOURCE_ROOT; };
		1544342415E5CFB100FEBAC0 /* 16.png */ = {isa = PBXFileReference; lastKnownFileType = image.png; name = 16.png; path = covers/16.png; sourceTree = SOURCE_ROOT; };
		1544342515E5CFB100FEBAC0 /* 17.png */ = {isa = PBXFileReference; lastKnownFileType = image.png; name = 17.png; path = covers/17.png; sourceTree = SOURCE_ROOT; };
		1544342615E5CFB100FEBAC0 /* 18.png */ = {isa = PBXFileReference; lastKnownFileType = image.png; name = 18.png; path = covers/18.png; sourceTree = SOURCE_ROOT; };
		1544342715E5CFB100FEBAC0 /* 19.png */ = {isa = PBXFileReference; lastKnownFileType = image.png; name = 19.png; path = covers/19.png; sourceTree = SOURCE_ROOT; };
		1544342815E5CFB100FEBAC0 /* 20.png */ = {isa = PBXFileReference; lastKnownFileType = image.png; name = 20.png; path = covers/20.png; sourceTree = SOURCE_ROOT; };
		1544342915E5CFB100FEBAC0 /* 21.png */ = {isa = PBXFileReference; lastKnownFileType = image.png; name = 21.png; path = covers/21.png; sourceTree = SOURCE_ROOT; };
		1544342A15E5CFB100FEBAC0 /* 22.png */ = {isa = PBXFileReference; lastKnownFileType = image.png; name = 22.png; path = covers/22.png; sourceTree = SOURCE_ROOT; };
		1544342B15E5CFB100FEBAC0 /* 23.png */ = {isa = PBXFileReference; lastKnownFileType = image.png; name = 23.png; path = covers/23.png; sourceTree = SOURCE_ROOT; };
		1544344615E5E72700FEBAC0 /* 0.png */ = {isa = PBXFileReference; lastKnownFileType = image.png; name = 0.png; path = covers/0.png; sourceTree = SOURCE_ROOT; };
		1544D94515A229EB00AE7C63 /* CoreMedia.framework */ = {isa = PBXFileReference; lastKnownFileType = wrapper.framework; name = CoreMedia.framework; path = System/Library/Frameworks/CoreMedia.framework; sourceTree = SDKROOT; };
		1544D94815A22A0E00AE7C63 /* MediaPlayer.framework */ = {isa = PBXFileReference; lastKnownFileType = wrapper.framework; name = MediaPlayer.framework; path = System/Library/Frameworks/MediaPlayer.framework; sourceTree = SDKROOT; };
		154E7BD715C4CB4C00D3DE50 /* QuartzCore.framework */ = {isa = PBXFileReference; lastKnownFileType = wrapper.framework; name = QuartzCore.framework; path = System/Library/Frameworks/QuartzCore.framework; sourceTree = SDKROOT; };
		154E7C0615C739B600D3DE50 /* PizzaViewController.h */ = {isa = PBXFileReference; fileEncoding = 4; lastKnownFileType = sourcecode.c.h; path = PizzaViewController.h; sourceTree = "<group>"; };
		154E7C0715C739B600D3DE50 /* PizzaViewController.m */ = {isa = PBXFileReference; fileEncoding = 4; lastKnownFileType = sourcecode.c.objc; path = PizzaViewController.m; sourceTree = "<group>"; };
		154E7C0915C739D100D3DE50 /* PizzaControl.h */ = {isa = PBXFileReference; fileEncoding = 4; lastKnownFileType = sourcecode.c.h; path = PizzaControl.h; sourceTree = "<group>"; };
		154E7C0A15C739D100D3DE50 /* PizzaControl.m */ = {isa = PBXFileReference; fileEncoding = 4; lastKnownFileType = sourcecode.c.objc; path = PizzaControl.m; sourceTree = "<group>"; };
		154E7C1015C7431F00D3DE50 /* florence_cover.jpg */ = {isa = PBXFileReference; lastKnownFileType = image.jpeg; path = florence_cover.jpg; sourceTree = "<group>"; };
		154E7C1215C7445800D3DE50 /* SineWaveView.h */ = {isa = PBXFileReference; fileEncoding = 4; lastKnownFileType = sourcecode.c.h; path = SineWaveView.h; sourceTree = "<group>"; };
		154E7C1315C7445800D3DE50 /* SineWaveView.m */ = {isa = PBXFileReference; fileEncoding = 4; lastKnownFileType = sourcecode.c.objc; path = SineWaveView.m; sourceTree = "<group>"; };
		156EC33215EB1E9500D3EAEA /* ContainerView.h */ = {isa = PBXFileReference; fileEncoding = 4; lastKnownFileType = sourcecode.c.h; path = ContainerView.h; sourceTree = "<group>"; };
		156EC33315EB1E9600D3EAEA /* ContainerView.m */ = {isa = PBXFileReference; fileEncoding = 4; lastKnownFileType = sourcecode.c.objc; path = ContainerView.m; sourceTree = "<group>"; };
		156EC33915EB432800D3EAEA /* 1.mp3 */ = {isa = PBXFileReference; lastKnownFileType = audio.mp3; path = 1.mp3; sourceTree = "<group>"; };
		156EC33A15EB432800D3EAEA /* 2.mp3 */ = {isa = PBXFileReference; lastKnownFileType = audio.mp3; path = 2.mp3; sourceTree = "<group>"; };
		156EC33B15EB432800D3EAEA /* 3.mp3 */ = {isa = PBXFileReference; lastKnownFileType = audio.mp3; path = 3.mp3; sourceTree = "<group>"; };
		156EC33C15EB432800D3EAEA /* 4.mp3 */ = {isa = PBXFileReference; lastKnownFileType = audio.mp3; path = 4.mp3; sourceTree = "<group>"; };
		156EC33D15EB432800D3EAEA /* 5.mp3 */ = {isa = PBXFileReference; lastKnownFileType = audio.mp3; path = 5.mp3; sourceTree = "<group>"; };
		156EC33E15EB432800D3EAEA /* 6.mp3 */ = {isa = PBXFileReference; lastKnownFileType = audio.mp3; path = 6.mp3; sourceTree = "<group>"; };
		156EC33F15EB432800D3EAEA /* 7.mp3 */ = {isa = PBXFileReference; lastKnownFileType = audio.mp3; path = 7.mp3; sourceTree = "<group>"; };
		156EC34015EB432800D3EAEA /* 8.mp3 */ = {isa = PBXFileReference; lastKnownFileType = audio.mp3; path = 8.mp3; sourceTree = "<group>"; };
		156EC34115EB432800D3EAEA /* 9.mp3 */ = {isa = PBXFileReference; lastKnownFileType = audio.mp3; path = 9.mp3; sourceTree = "<group>"; };
		156EC34215EB432800D3EAEA /* 10.mp3 */ = {isa = PBXFileReference; lastKnownFileType = audio.mp3; path = 10.mp3; sourceTree = "<group>"; };
		156EC34315EB432800D3EAEA /* 11.mp3 */ = {isa = PBXFileReference; lastKnownFileType = audio.mp3; path = 11.mp3; sourceTree = "<group>"; };
		156EC34415EB432800D3EAEA /* 0.mp3 */ = {isa = PBXFileReference; lastKnownFileType = audio.mp3; path = 0.mp3; sourceTree = "<group>"; };
		156EC35115EB62F200D3EAEA /* segmentData.txt */ = {isa = PBXFileReference; fileEncoding = 4; lastKnownFileType = text; path = segmentData.txt; sourceTree = "<group>"; };
		156EC35315EB6DAC00D3EAEA /* CoverSegment.h */ = {isa = PBXFileReference; fileEncoding = 4; lastKnownFileType = sourcecode.c.h; path = CoverSegment.h; sourceTree = "<group>"; };
		156EC35415EB6DAC00D3EAEA /* CoverSegment.m */ = {isa = PBXFileReference; fileEncoding = 4; lastKnownFileType = sourcecode.c.objc; path = CoverSegment.m; sourceTree = "<group>"; };
		156EC35915EB7CB300D3EAEA /* SegmentAudioUnit.h */ = {isa = PBXFileReference; fileEncoding = 4; lastKnownFileType = sourcecode.c.h; path = SegmentAudioUnit.h; sourceTree = "<group>"; };
		156EC35A15EB7CB300D3EAEA /* SegmentAudioUnit.m */ = {isa = PBXFileReference; fileEncoding = 4; lastKnownFileType = sourcecode.c.objc; path = SegmentAudioUnit.m; sourceTree = "<group>"; };
		156EC35C15EBBE6D00D3EAEA /* PlayListView.h */ = {isa = PBXFileReference; fileEncoding = 4; lastKnownFileType = sourcecode.c.h; path = PlayListView.h; sourceTree = "<group>"; };
		156EC35D15EBBE6E00D3EAEA /* PlayListView.m */ = {isa = PBXFileReference; fileEncoding = 4; lastKnownFileType = sourcecode.c.objc; path = PlayListView.m; sourceTree = "<group>"; };
		1577830D15CA76A10029F11A /* ExperimentView.h */ = {isa = PBXFileReference; fileEncoding = 4; lastKnownFileType = sourcecode.c.h; path = ExperimentView.h; sourceTree = "<group>"; };
		1577830E15CA76A20029F11A /* ExperimentView.m */ = {isa = PBXFileReference; fileEncoding = 4; lastKnownFileType = sourcecode.c.objc; path = ExperimentView.m; sourceTree = "<group>"; };
		1577831015CA78C20029F11A /* florence_machine_cover.png */ = {isa = PBXFileReference; lastKnownFileType = image.png; path = florence_machine_cover.png; sourceTree = "<group>"; };
		157D3F7315A7AFC8009064CF /* Constants.h */ = {isa = PBXFileReference; fileEncoding = 4; lastKnownFileType = sourcecode.c.h; path = Constants.h; sourceTree = "<group>"; };
		157D3F7A15A7D216009064CF /* choose_song_btn.png */ = {isa = PBXFileReference; lastKnownFileType = image.png; path = choose_song_btn.png; sourceTree = "<group>"; };
		157D3F7C15A7D368009064CF /* play1-150x150.png */ = {isa = PBXFileReference; lastKnownFileType = image.png; path = "play1-150x150.png"; sourceTree = "<group>"; };
		157D3F7D15A7D369009064CF /* pause1-150x150.png */ = {isa = PBXFileReference; lastKnownFileType = image.png; path = "pause1-150x150.png"; sourceTree = "<group>"; };
		1596CEBB15BF72D6001097AE /* PolyLineViewController.h */ = {isa = PBXFileReference; fileEncoding = 4; lastKnownFileType = sourcecode.c.h; path = PolyLineViewController.h; sourceTree = "<group>"; };
		1596CEBC15BF72D6001097AE /* PolyLineViewController.m */ = {isa = PBXFileReference; fileEncoding = 4; lastKnownFileType = sourcecode.c.objc; path = PolyLineViewController.m; sourceTree = "<group>"; };
		1596CEC415BF84E0001097AE /* PolyLineControl.h */ = {isa = PBXFileReference; fileEncoding = 4; lastKnownFileType = sourcecode.c.h; path = PolyLineControl.h; sourceTree = "<group>"; };
		1596CEC515BF84E0001097AE /* PolyLineControl.m */ = {isa = PBXFileReference; fileEncoding = 4; lastKnownFileType = sourcecode.c.objc; path = PolyLineControl.m; sourceTree = "<group>"; };
		1596CEC815C0C021001097AE /* pinkfloyd4.ma */ = {isa = PBXFileReference; fileEncoding = 4; lastKnownFileType = text; path = pinkfloyd4.ma; sourceTree = "<group>"; };
		1596CEC915C0C021001097AE /* pinkfloyd3.ma */ = {isa = PBXFileReference; fileEncoding = 4; lastKnownFileType = text; path = pinkfloyd3.ma; sourceTree = "<group>"; };
		1596CECA15C0C021001097AE /* pinkfloyd2.ma */ = {isa = PBXFileReference; fileEncoding = 4; lastKnownFileType = text; path = pinkfloyd2.ma; sourceTree = "<group>"; };
		1596CECB15C0C021001097AE /* pinkfloyd1.ma */ = {isa = PBXFileReference; fileEncoding = 4; lastKnownFileType = text; path = pinkfloyd1.ma; sourceTree = "<group>"; };
		1596CED015C0CAF7001097AE /* hendrix.ma */ = {isa = PBXFileReference; fileEncoding = 4; lastKnownFileType = text; path = hendrix.ma; sourceTree = "<group>"; };
		1596CED215C0CCFE001097AE /* xx.ma */ = {isa = PBXFileReference; fileEncoding = 4; lastKnownFileType = text; path = xx.ma; sourceTree = "<group>"; };
		1596CED415C0D471001097AE /* milesmedal.txt */ = {isa = PBXFileReference; fileEncoding = 4; lastKnownFileType = text; path = milesmedal.txt; sourceTree = "<group>"; };
		1596CED615C0D52F001097AE /* parabola.ma */ = {isa = PBXFileReference; fileEncoding = 4; lastKnownFileType = text; path = parabola.ma; sourceTree = "<group>"; };
		1596CED815C0D672001097AE /* hendrix_high.ma */ = {isa = PBXFileReference; fileEncoding = 4; lastKnownFileType = text; path = hendrix_high.ma; sourceTree = "<group>"; };
		1596CEDA15C0D6D1001097AE /* pinkfloyd.jpg */ = {isa = PBXFileReference; lastKnownFileType = image.jpeg; path = pinkfloyd.jpg; sourceTree = "<group>"; };
		1596CEDC15C0DC92001097AE /* lab2.ma */ = {isa = PBXFileReference; fileEncoding = 4; lastKnownFileType = text; path = lab2.ma; sourceTree = "<group>"; };
		1596CEDE15C1ABAA001097AE /* lab1.ma */ = {isa = PBXFileReference; fileEncoding = 4; lastKnownFileType = text; path = lab1.ma; sourceTree = "<group>"; };
		1596CEE015C1B048001097AE /* hendrix.mp3 */ = {isa = PBXFileReference; lastKnownFileType = audio.mp3; path = hendrix.mp3; sourceTree = "<group>"; };
		15A2D69E15E47C9C00DDB8E4 /* icon0.png */ = {isa = PBXFileReference; lastKnownFileType = image.png; path = icon0.png; sourceTree = "<group>"; };
		15A2D69F15E47C9C00DDB8E4 /* icon1.png */ = {isa = PBXFileReference; lastKnownFileType = image.png; path = icon1.png; sourceTree = "<group>"; };
		15A2D6A015E47C9C00DDB8E4 /* icon2.png */ = {isa = PBXFileReference; lastKnownFileType = image.png; path = icon2.png; sourceTree = "<group>"; };
		15A2D6A115E47C9C00DDB8E4 /* icon3.png */ = {isa = PBXFileReference; lastKnownFileType = image.png; path = icon3.png; sourceTree = "<group>"; };
		15A2D6A215E47C9C00DDB8E4 /* icon4.png */ = {isa = PBXFileReference; lastKnownFileType = image.png; path = icon4.png; sourceTree = "<group>"; };
		15A2D6A315E47C9C00DDB8E4 /* icon5.png */ = {isa = PBXFileReference; lastKnownFileType = image.png; path = icon5.png; sourceTree = "<group>"; };
		15A2D6A415E47C9C00DDB8E4 /* icon6.png */ = {isa = PBXFileReference; lastKnownFileType = image.png; path = icon6.png; sourceTree = "<group>"; };
		15A2D6A515E47C9C00DDB8E4 /* icon7.png */ = {isa = PBXFileReference; lastKnownFileType = image.png; path = icon7.png; sourceTree = "<group>"; };
		15C0829B15BA06E40031679E /* Zaz.mp3 */ = {isa = PBXFileReference; lastKnownFileType = audio.mp3; path = Zaz.mp3; sourceTree = "<group>"; };
		15CF25C315AD5410007CA929 /* WaveAudioPlayer.h */ = {isa = PBXFileReference; fileEncoding = 4; lastKnownFileType = sourcecode.c.h; path = WaveAudioPlayer.h; sourceTree = "<group>"; };
		15CF25C415AD5411007CA929 /* WaveAudioPlayer.m */ = {isa = PBXFileReference; fileEncoding = 4; lastKnownFileType = sourcecode.c.objc; path = WaveAudioPlayer.m; sourceTree = "<group>"; };
		15D2CEA115B0BFEF006966AF /* appIcon.png */ = {isa = PBXFileReference; lastKnownFileType = image.png; name = appIcon.png; path = ../appIcon.png; sourceTree = "<group>"; };
		15D2CEA415B0C5B0006966AF /* UIConstants.h */ = {isa = PBXFileReference; fileEncoding = 4; lastKnownFileType = sourcecode.c.h; path = UIConstants.h; sourceTree = "<group>"; };
		15D2CEA915B0CB5A006966AF /* eject.gif */ = {isa = PBXFileReference; lastKnownFileType = image.gif; path = eject.gif; sourceTree = SOURCE_ROOT; };
		15D54CA315D3130200A42E87 /* SpaceViewController.h */ = {isa = PBXFileReference; fileEncoding = 4; lastKnownFileType = sourcecode.c.h; path = SpaceViewController.h; sourceTree = "<group>"; };
		15D54CA415D3130200A42E87 /* SpaceViewController.m */ = {isa = PBXFileReference; fileEncoding = 4; lastKnownFileType = sourcecode.c.objc; path = SpaceViewController.m; sourceTree = "<group>"; };
		15D77B4B15D31440003162A3 /* ZoomableView.h */ = {isa = PBXFileReference; fileEncoding = 4; lastKnownFileType = sourcecode.c.h; path = ZoomableView.h; sourceTree = "<group>"; };
		15D77B4C15D31440003162A3 /* ZoomableView.m */ = {isa = PBXFileReference; fileEncoding = 4; lastKnownFileType = sourcecode.c.objc; path = ZoomableView.m; sourceTree = "<group>"; };
		15D77B5915D44B0D003162A3 /* lana190.png */ = {isa = PBXFileReference; lastKnownFileType = image.png; path = lana190.png; sourceTree = "<group>"; };
		15D77B5F15D4A3B3003162A3 /* DataPointsManager.h */ = {isa = PBXFileReference; fileEncoding = 4; lastKnownFileType = sourcecode.c.h; path = DataPointsManager.h; sourceTree = "<group>"; };
		15D77B6015D4A3B3003162A3 /* DataPointsManager.m */ = {isa = PBXFileReference; fileEncoding = 4; lastKnownFileType = sourcecode.c.objc; path = DataPointsManager.m; sourceTree = "<group>"; };
		15D77B6615D4AAD9003162A3 /* GridHashTable.h */ = {isa = PBXFileReference; fileEncoding = 4; lastKnownFileType = sourcecode.c.h; path = GridHashTable.h; sourceTree = "<group>"; };
		15D77B6715D4AAD9003162A3 /* GridHashTable.m */ = {isa = PBXFileReference; fileEncoding = 4; lastKnownFileType = sourcecode.c.objc; path = GridHashTable.m; sourceTree = "<group>"; };
		15D77B7415D5C8D3003162A3 /* move.gif */ = {isa = PBXFileReference; lastKnownFileType = image.gif; path = move.gif; sourceTree = "<group>"; };
		15D77B7615D5F65B003162A3 /* PolyLineAudioUnitView.h */ = {isa = PBXFileReference; fileEncoding = 4; lastKnownFileType = sourcecode.c.h; path = PolyLineAudioUnitView.h; sourceTree = "<group>"; };
		15D77B7715D5F65B003162A3 /* PolyLineAudioUnitView.m */ = {isa = PBXFileReference; fileEncoding = 4; lastKnownFileType = sourcecode.c.objc; path = PolyLineAudioUnitView.m; sourceTree = "<group>"; };
		15D77B8215D94717003162A3 /* playbutton.gif */ = {isa = PBXFileReference; lastKnownFileType = image.gif; path = playbutton.gif; sourceTree = "<group>"; };
		15D77B8515D949D9003162A3 /* moveButton.png */ = {isa = PBXFileReference; lastKnownFileType = image.png; path = moveButton.png; sourceTree = "<group>"; };
		15D77B8F15D95573003162A3 /* life.mp3 */ = {isa = PBXFileReference; lastKnownFileType = audio.mp3; path = life.mp3; sourceTree = "<group>"; };
		15DA53C515FC516600C3E1B0 /* LyricsViewController.h */ = {isa = PBXFileReference; fileEncoding = 4; path = LyricsViewController.h; sourceTree = "<group>"; };
		15DA53C615FC516600C3E1B0 /* LyricsViewController.m */ = {isa = PBXFileReference; fileEncoding = 4; lastKnownFileType = sourcecode.c.objc; path = LyricsViewController.m; sourceTree = "<group>"; };
		15DA53CA15FC59CC00C3E1B0 /* Utilities.h */ = {isa = PBXFileReference; fileEncoding = 4; lastKnownFileType = sourcecode.c.h; path = Utilities.h; sourceTree = "<group>"; };
		15DA53CB15FC59CC00C3E1B0 /* Utilities.m */ = {isa = PBXFileReference; fileEncoding = 4; lastKnownFileType = sourcecode.c.objc; path = Utilities.m; sourceTree = "<group>"; };
		15DA53CD15FC5ED200C3E1B0 /* TextSegment.h */ = {isa = PBXFileReference; fileEncoding = 4; lastKnownFileType = sourcecode.c.h; path = TextSegment.h; sourceTree = "<group>"; };
		15DA53CE15FC5ED200C3E1B0 /* TextSegment.m */ = {isa = PBXFileReference; fileEncoding = 4; lastKnownFileType = sourcecode.c.objc; path = TextSegment.m; sourceTree = "<group>"; };
		15DA9A5615E18EF3002FF037 /* ZhengViewController.h */ = {isa = PBXFileReference; fileEncoding = 4; lastKnownFileType = sourcecode.c.h; path = ZhengViewController.h; sourceTree = "<group>"; };
		15DA9A5715E18EF3002FF037 /* ZhengViewController.m */ = {isa = PBXFileReference; fileEncoding = 4; lastKnownFileType = sourcecode.c.objc; path = ZhengViewController.m; sourceTree = "<group>"; };
		15DA9A6F15E411E5002FF037 /* ZhengControl.h */ = {isa = PBXFileReference; fileEncoding = 4; lastKnownFileType = sourcecode.c.h; path = ZhengControl.h; sourceTree = "<group>"; };
		15DA9A7015E411E5002FF037 /* ZhengControl.m */ = {isa = PBXFileReference; fileEncoding = 4; lastKnownFileType = sourcecode.c.objc; path = ZhengControl.m; sourceTree = "<group>"; };
		15DA9A7215E4249E002FF037 /* segment.png */ = {isa = PBXFileReference; lastKnownFileType = image.png; path = segment.png; sourceTree = "<group>"; };
		15DA9A7415E42F96002FF037 /* SegmentView.h */ = {isa = PBXFileReference; fileEncoding = 4; lastKnownFileType = sourcecode.c.h; path = SegmentView.h; sourceTree = "<group>"; };
		15DA9A7515E42F97002FF037 /* SegmentView.m */ = {isa = PBXFileReference; fileEncoding = 4; lastKnownFileType = sourcecode.c.objc; path = SegmentView.m; sourceTree = "<group>"; };
		15DA9A7715E443F4002FF037 /* segment_black.png */ = {isa = PBXFileReference; lastKnownFileType = image.png; path = segment_black.png; sourceTree = "<group>"; };
		15E163F3158B1AD900CC8FAC /* AudioToolbox.framework */ = {isa = PBXFileReference; lastKnownFileType = wrapper.framework; name = AudioToolbox.framework; path = System/Library/Frameworks/AudioToolbox.framework; sourceTree = SDKROOT; };
		15E163F5158B1AD900CC8FAC /* CoreAudio.framework */ = {isa = PBXFileReference; lastKnownFileType = wrapper.framework; name = CoreAudio.framework; path = System/Library/Frameworks/CoreAudio.framework; sourceTree = SDKROOT; };
		15F9BF0C15F5819C00B8A252 /* LyricsControl.h */ = {isa = PBXFileReference; fileEncoding = 4; path = LyricsControl.h; sourceTree = "<group>"; };
		15F9BF0D15F5819D00B8A252 /* LyricsControl.m */ = {isa = PBXFileReference; fileEncoding = 4; lastKnownFileType = sourcecode.c.objc; path = LyricsControl.m; sourceTree = "<group>"; };
/* End PBXFileReference section */

/* Begin PBXFrameworksBuildPhase section */
		151A42DB15538F9D003BF64A /* Frameworks */ = {
			isa = PBXFrameworksBuildPhase;
			buildActionMask = 2147483647;
			files = (
				154E7BD815C4CB4D00D3DE50 /* QuartzCore.framework in Frameworks */,
				15E163F8158B1AD900CC8FAC /* CoreAudio.framework in Frameworks */,
				1544D94915A22A0E00AE7C63 /* MediaPlayer.framework in Frameworks */,
				1544D94615A229EB00AE7C63 /* CoreMedia.framework in Frameworks */,
				15E163F6158B1AD900CC8FAC /* AudioToolbox.framework in Frameworks */,
				150CC5DA1554503000570ACC /* AVFoundation.framework in Frameworks */,
				151A42E315538F9D003BF64A /* UIKit.framework in Frameworks */,
				151A42E515538F9D003BF64A /* Foundation.framework in Frameworks */,
				151A42E715538F9D003BF64A /* CoreGraphics.framework in Frameworks */,
			);
			runOnlyForDeploymentPostprocessing = 0;
		};
/* End PBXFrameworksBuildPhase section */

/* Begin PBXGroup section */
		151A42D315538F9D003BF64A = {
			isa = PBXGroup;
			children = (
				151A42E815538F9D003BF64A /* SpiralPlayer */,
				151A42E115538F9D003BF64A /* Frameworks */,
				151A42DF15538F9D003BF64A /* Products */,
			);
			sourceTree = "<group>";
		};
		151A42DF15538F9D003BF64A /* Products */ = {
			isa = PBXGroup;
			children = (
				151A42DE15538F9D003BF64A /* SpiralPlayer.app */,
			);
			name = Products;
			sourceTree = "<group>";
		};
		151A42E115538F9D003BF64A /* Frameworks */ = {
			isa = PBXGroup;
			children = (
				154E7BD715C4CB4C00D3DE50 /* QuartzCore.framework */,
				1544D94815A22A0E00AE7C63 /* MediaPlayer.framework */,
				1544D94515A229EB00AE7C63 /* CoreMedia.framework */,
				15E163F3158B1AD900CC8FAC /* AudioToolbox.framework */,
				15E163F5158B1AD900CC8FAC /* CoreAudio.framework */,
				150CC5D91554503000570ACC /* AVFoundation.framework */,
				151A42E215538F9D003BF64A /* UIKit.framework */,
				151A42E415538F9D003BF64A /* Foundation.framework */,
				151A42E615538F9D003BF64A /* CoreGraphics.framework */,
			);
			name = Frameworks;
			sourceTree = "<group>";
		};
		151A42E815538F9D003BF64A /* SpiralPlayer */ = {
			isa = PBXGroup;
			children = (
				15DA53C915FC518700C3E1B0 /* SeekControl */,
				15DA9A5115E18D90002FF037 /* Zheng */,
				15D54C8E15D2F55700A42E87 /* Space */,
				15D7FA7215CF3DE4009318C6 /* Spiral */,
				154E7C0415C7399D00D3DE50 /* Pizza */,
				1596CEC315BF7545001097AE /* Polyline */,
				15D7FA7115CF3DCF009318C6 /* Utils */,
				151A42F115538F9D003BF64A /* AppDelegate.h */,
				151A42F215538F9D003BF64A /* AppDelegate.m */,
				15CF25C315AD5410007CA929 /* WaveAudioPlayer.h */,
				15CF25C415AD5411007CA929 /* WaveAudioPlayer.m */,
				151A42F715538F9D003BF64A /* ViewController.xib */,
				1596CEC715C0C00F001097AE /* Data */,
				157D3F8115A7D4E0009064CF /* Music Files */,
				157D3F8015A7D4CE009064CF /* Assets */,
				151A42E915538F9D003BF64A /* Supporting Files */,
			);
			path = SpiralPlayer;
			sourceTree = "<group>";
		};
		151A42E915538F9D003BF64A /* Supporting Files */ = {
			isa = PBXGroup;
			children = (
				151A42EA15538F9D003BF64A /* SpiralPlayer-Info.plist */,
				151A42EB15538F9D003BF64A /* InfoPlist.strings */,
				151A42EE15538F9D003BF64A /* main.m */,
				151A42F015538F9D003BF64A /* SpiralPlayer-Prefix.pch */,
			);
			name = "Supporting Files";
			sourceTree = "<group>";
		};
		154E7C0415C7399D00D3DE50 /* Pizza */ = {
			isa = PBXGroup;
			children = (
				154E7C0615C739B600D3DE50 /* PizzaViewController.h */,
				154E7C0715C739B600D3DE50 /* PizzaViewController.m */,
				154E7C0915C739D100D3DE50 /* PizzaControl.h */,
				154E7C0A15C739D100D3DE50 /* PizzaControl.m */,
				154E7C1215C7445800D3DE50 /* SineWaveView.h */,
				154E7C1315C7445800D3DE50 /* SineWaveView.m */,
				1577830D15CA76A10029F11A /* ExperimentView.h */,
				1577830E15CA76A20029F11A /* ExperimentView.m */,
			);
			name = Pizza;
			sourceTree = "<group>";
		};
		157D3F8015A7D4CE009064CF /* Assets */ = {
			isa = PBXGroup;
			children = (
				1544344615E5E72700FEBAC0 /* 0.png */,
				1544341515E5CFB100FEBAC0 /* 1.png */,
				1544341615E5CFB100FEBAC0 /* 2.png */,
				1544341715E5CFB100FEBAC0 /* 3.png */,
				1544341815E5CFB100FEBAC0 /* 4.png */,
				1544341915E5CFB100FEBAC0 /* 5.png */,
				1544341A15E5CFB100FEBAC0 /* 6.png */,
				1544341B15E5CFB100FEBAC0 /* 7.png */,
				1544341C15E5CFB100FEBAC0 /* 8.png */,
				1544341D15E5CFB100FEBAC0 /* 9.png */,
				1544341E15E5CFB100FEBAC0 /* 10.png */,
				1544341F15E5CFB100FEBAC0 /* 11.png */,
				1544342015E5CFB100FEBAC0 /* 12.png */,
				1544342115E5CFB100FEBAC0 /* 13.png */,
				1544342215E5CFB100FEBAC0 /* 14.png */,
				1544342315E5CFB100FEBAC0 /* 15.png */,
				1544342415E5CFB100FEBAC0 /* 16.png */,
				1544342515E5CFB100FEBAC0 /* 17.png */,
				1544342615E5CFB100FEBAC0 /* 18.png */,
				1544342715E5CFB100FEBAC0 /* 19.png */,
				1544342815E5CFB100FEBAC0 /* 20.png */,
				1544342915E5CFB100FEBAC0 /* 21.png */,
				1544342A15E5CFB100FEBAC0 /* 22.png */,
				1544342B15E5CFB100FEBAC0 /* 23.png */,
				15A2D69E15E47C9C00DDB8E4 /* icon0.png */,
				15A2D69F15E47C9C00DDB8E4 /* icon1.png */,
				15A2D6A015E47C9C00DDB8E4 /* icon2.png */,
				15A2D6A115E47C9C00DDB8E4 /* icon3.png */,
				15A2D6A215E47C9C00DDB8E4 /* icon4.png */,
				15A2D6A315E47C9C00DDB8E4 /* icon5.png */,
				15A2D6A415E47C9C00DDB8E4 /* icon6.png */,
				15A2D6A515E47C9C00DDB8E4 /* icon7.png */,
				15DA9A7715E443F4002FF037 /* segment_black.png */,
				15DA9A7215E4249E002FF037 /* segment.png */,
				15D77B8515D949D9003162A3 /* moveButton.png */,
				15D77B8215D94717003162A3 /* playbutton.gif */,
				15D77B7415D5C8D3003162A3 /* move.gif */,
				15D77B5915D44B0D003162A3 /* lana190.png */,
				1596CEDA15C0D6D1001097AE /* pinkfloyd.jpg */,
				15D2CEA115B0BFEF006966AF /* appIcon.png */,
				150AE12D15CC4F2200C1ED0F /* lana.png */,
				150AE12A15CB5EA700C1ED0F /* morcheeba-skye.png */,
				1577831015CA78C20029F11A /* florence_machine_cover.png */,
				154E7C1015C7431F00D3DE50 /* florence_cover.jpg */,
				15D2CEA915B0CB5A006966AF /* eject.gif */,
				157D3F7C15A7D368009064CF /* play1-150x150.png */,
				157D3F7D15A7D369009064CF /* pause1-150x150.png */,
				157D3F7A15A7D216009064CF /* choose_song_btn.png */,
				1533A54215853ED200E27069 /* handle@2x.png */,
			);
			name = Assets;
			sourceTree = "<group>";
		};
		157D3F8115A7D4E0009064CF /* Music Files */ = {
			isa = PBXGroup;
			children = (
				156EC33915EB432800D3EAEA /* 1.mp3 */,
				156EC33A15EB432800D3EAEA /* 2.mp3 */,
				156EC33B15EB432800D3EAEA /* 3.mp3 */,
				156EC33C15EB432800D3EAEA /* 4.mp3 */,
				156EC33D15EB432800D3EAEA /* 5.mp3 */,
				156EC33E15EB432800D3EAEA /* 6.mp3 */,
				156EC33F15EB432800D3EAEA /* 7.mp3 */,
				156EC34015EB432800D3EAEA /* 8.mp3 */,
				156EC34115EB432800D3EAEA /* 9.mp3 */,
				156EC34215EB432800D3EAEA /* 10.mp3 */,
				156EC34315EB432800D3EAEA /* 11.mp3 */,
				156EC34415EB432800D3EAEA /* 0.mp3 */,
				15D77B8F15D95573003162A3 /* life.mp3 */,
				1596CEE015C1B048001097AE /* hendrix.mp3 */,
				15C0829B15BA06E40031679E /* Zaz.mp3 */,
			);
			name = "Music Files";
			sourceTree = "<group>";
		};
		1596CEC315BF7545001097AE /* Polyline */ = {
			isa = PBXGroup;
			children = (
				1596CEBB15BF72D6001097AE /* PolyLineViewController.h */,
				1596CEBC15BF72D6001097AE /* PolyLineViewController.m */,
				1596CEC415BF84E0001097AE /* PolyLineControl.h */,
				1596CEC515BF84E0001097AE /* PolyLineControl.m */,
				15D77B7615D5F65B003162A3 /* PolyLineAudioUnitView.h */,
				15D77B7715D5F65B003162A3 /* PolyLineAudioUnitView.m */,
			);
			name = Polyline;
			sourceTree = "<group>";
		};
		1596CEC715C0C00F001097AE /* Data */ = {
			isa = PBXGroup;
			children = (
				156EC35115EB62F200D3EAEA /* segmentData.txt */,
				150AE14515CF2EF100C1ED0F /* sineWaveDataPoints.txt */,
				1596CEDE15C1ABAA001097AE /* lab1.ma */,
				1596CEDC15C0DC92001097AE /* lab2.ma */,
				1596CED815C0D672001097AE /* hendrix_high.ma */,
				1596CED215C0CCFE001097AE /* xx.ma */,
				1596CED615C0D52F001097AE /* parabola.ma */,
				1596CED415C0D471001097AE /* milesmedal.txt */,
				1596CED015C0CAF7001097AE /* hendrix.ma */,
				1596CEC815C0C021001097AE /* pinkfloyd4.ma */,
				1596CEC915C0C021001097AE /* pinkfloyd3.ma */,
				1596CECA15C0C021001097AE /* pinkfloyd2.ma */,
				1596CECB15C0C021001097AE /* pinkfloyd1.ma */,
			);
			name = Data;
			sourceTree = "<group>";
		};
		15D54C8E15D2F55700A42E87 /* Space */ = {
			isa = PBXGroup;
			children = (
				15D54CA315D3130200A42E87 /* SpaceViewController.h */,
				15D54CA415D3130200A42E87 /* SpaceViewController.m */,
				15D77B4B15D31440003162A3 /* ZoomableView.h */,
				15D77B4C15D31440003162A3 /* ZoomableView.m */,
			);
			name = Space;
			sourceTree = "<group>";
		};
		15D77B5E15D4A39A003162A3 /* Managers */ = {
			isa = PBXGroup;
			children = (
				15D77B5F15D4A3B3003162A3 /* DataPointsManager.h */,
				15D77B6015D4A3B3003162A3 /* DataPointsManager.m */,
			);
			name = Managers;
			sourceTree = "<group>";
		};
		15D77B6915D4AD27003162A3 /* DataStructures */ = {
			isa = PBXGroup;
			children = (
				15D77B6615D4AAD9003162A3 /* GridHashTable.h */,
				15D77B6715D4AAD9003162A3 /* GridHashTable.m */,
			);
			name = DataStructures;
			sourceTree = "<group>";
		};
		15D77B6A15D4AD41003162A3 /* Constants */ = {
			isa = PBXGroup;
			children = (
				15D2CEA415B0C5B0006966AF /* UIConstants.h */,
				157D3F7315A7AFC8009064CF /* Constants.h */,
			);
			name = Constants;
			sourceTree = "<group>";
		};
		15D7FA7115CF3DCF009318C6 /* Utils */ = {
			isa = PBXGroup;
			children = (
				156EC33215EB1E9500D3EAEA /* ContainerView.h */,
				156EC33315EB1E9600D3EAEA /* ContainerView.m */,
				15D77B6A15D4AD41003162A3 /* Constants */,
				15D77B5E15D4A39A003162A3 /* Managers */,
				15D77B6915D4AD27003162A3 /* DataStructures */,
				15DA53CA15FC59CC00C3E1B0 /* Utilities.h */,
				15DA53CB15FC59CC00C3E1B0 /* Utilities.m */,
			);
			name = Utils;
			sourceTree = "<group>";
		};
		15D7FA7215CF3DE4009318C6 /* Spiral */ = {
			isa = PBXGroup;
			children = (
				151A42F415538F9D003BF64A /* ViewController.h */,
				151A42F515538F9D003BF64A /* ViewController.m */,
				150CC5D11554468200570ACC /* SpiralControl.h */,
				150CC5D21554468200570ACC /* SpiralControl.m */,
			);
			name = Spiral;
			sourceTree = "<group>";
		};
		15DA53C915FC518700C3E1B0 /* SeekControl */ = {
			isa = PBXGroup;
			children = (
				15F9BF0C15F5819C00B8A252 /* LyricsControl.h */,
				15F9BF0D15F5819D00B8A252 /* LyricsControl.m */,
				15DA53C515FC516600C3E1B0 /* LyricsViewController.h */,
				15DA53C615FC516600C3E1B0 /* LyricsViewController.m */,
				15DA53CD15FC5ED200C3E1B0 /* TextSegment.h */,
				15DA53CE15FC5ED200C3E1B0 /* TextSegment.m */,
			);
			name = SeekControl;
			sourceTree = "<group>";
		};
		15DA9A5115E18D90002FF037 /* Zheng */ = {
			isa = PBXGroup;
			children = (
				15DA9A5615E18EF3002FF037 /* ZhengViewController.h */,
				15DA9A5715E18EF3002FF037 /* ZhengViewController.m */,
				15DA9A6F15E411E5002FF037 /* ZhengControl.h */,
				15DA9A7015E411E5002FF037 /* ZhengControl.m */,
				15DA9A7415E42F96002FF037 /* SegmentView.h */,
				15DA9A7515E42F97002FF037 /* SegmentView.m */,
				1544340D15E49B8200FEBAC0 /* SegmentObject.h */,
				1544340E15E49B8200FEBAC0 /* SegmentObject.m */,
				156EC35315EB6DAC00D3EAEA /* CoverSegment.h */,
				156EC35415EB6DAC00D3EAEA /* CoverSegment.m */,
				156EC35915EB7CB300D3EAEA /* SegmentAudioUnit.h */,
				156EC35A15EB7CB300D3EAEA /* SegmentAudioUnit.m */,
				156EC35C15EBBE6D00D3EAEA /* PlayListView.h */,
				156EC35D15EBBE6E00D3EAEA /* PlayListView.m */,
			);
			name = Zheng;
			sourceTree = "<group>";
		};
/* End PBXGroup section */

/* Begin PBXNativeTarget section */
		151A42DD15538F9D003BF64A /* SpiralPlayer */ = {
			isa = PBXNativeTarget;
			buildConfigurationList = 151A42FC15538F9D003BF64A /* Build configuration list for PBXNativeTarget "SpiralPlayer" */;
			buildPhases = (
				151A42DA15538F9D003BF64A /* Sources */,
				151A42DB15538F9D003BF64A /* Frameworks */,
				151A42DC15538F9D003BF64A /* Resources */,
			);
			buildRules = (
			);
			dependencies = (
			);
			name = SpiralPlayer;
			productName = SpiralPlayer;
			productReference = 151A42DE15538F9D003BF64A /* SpiralPlayer.app */;
			productType = "com.apple.product-type.application";
		};
/* End PBXNativeTarget section */

/* Begin PBXProject section */
		151A42D515538F9D003BF64A /* Project object */ = {
			isa = PBXProject;
			attributes = {
				LastUpgradeCheck = 0420;
			};
			buildConfigurationList = 151A42D815538F9D003BF64A /* Build configuration list for PBXProject "SpiralPlayer" */;
			compatibilityVersion = "Xcode 3.2";
			developmentRegion = English;
			hasScannedForEncodings = 0;
			knownRegions = (
				en,
			);
			mainGroup = 151A42D315538F9D003BF64A;
			productRefGroup = 151A42DF15538F9D003BF64A /* Products */;
			projectDirPath = "";
			projectRoot = "";
			targets = (
				151A42DD15538F9D003BF64A /* SpiralPlayer */,
			);
		};
/* End PBXProject section */

/* Begin PBXResourcesBuildPhase section */
		151A42DC15538F9D003BF64A /* Resources */ = {
			isa = PBXResourcesBuildPhase;
			buildActionMask = 2147483647;
			files = (
				151A42ED15538F9D003BF64A /* InfoPlist.strings in Resources */,
				151A42F915538F9D003BF64A /* ViewController.xib in Resources */,
				1533A54315853ED200E27069 /* handle@2x.png in Resources */,
				157D3F7B15A7D216009064CF /* choose_song_btn.png in Resources */,
				157D3F7E15A7D369009064CF /* play1-150x150.png in Resources */,
				157D3F7F15A7D369009064CF /* pause1-150x150.png in Resources */,
				15D2CEA215B0BFEF006966AF /* appIcon.png in Resources */,
				15D2CEAA15B0CB5A006966AF /* eject.gif in Resources */,
				15C0829C15BA06E40031679E /* Zaz.mp3 in Resources */,
				1596CECC15C0C021001097AE /* pinkfloyd4.ma in Resources */,
				1596CECD15C0C021001097AE /* pinkfloyd3.ma in Resources */,
				1596CECE15C0C021001097AE /* pinkfloyd2.ma in Resources */,
				1596CECF15C0C021001097AE /* pinkfloyd1.ma in Resources */,
				1596CED115C0CAF7001097AE /* hendrix.ma in Resources */,
				1596CED315C0CCFE001097AE /* xx.ma in Resources */,
				1596CED515C0D471001097AE /* milesmedal.txt in Resources */,
				1596CED715C0D52F001097AE /* parabola.ma in Resources */,
				1596CED915C0D672001097AE /* hendrix_high.ma in Resources */,
				1596CEDB15C0D6D1001097AE /* pinkfloyd.jpg in Resources */,
				1596CEDD15C0DC92001097AE /* lab2.ma in Resources */,
				1596CEDF15C1ABAA001097AE /* lab1.ma in Resources */,
				1596CEE115C1B048001097AE /* hendrix.mp3 in Resources */,
				154E7C1115C7431F00D3DE50 /* florence_cover.jpg in Resources */,
				1577831115CA78C30029F11A /* florence_machine_cover.png in Resources */,
				150AE12B15CB5EA700C1ED0F /* morcheeba-skye.png in Resources */,
				150AE12E15CC4F2200C1ED0F /* lana.png in Resources */,
				150AE14615CF2EF100C1ED0F /* sineWaveDataPoints.txt in Resources */,
				15D77B5A15D44B0D003162A3 /* lana190.png in Resources */,
				15D77B7515D5C8D3003162A3 /* move.gif in Resources */,
				15D77B8315D94717003162A3 /* playbutton.gif in Resources */,
				15D77B8615D949D9003162A3 /* moveButton.png in Resources */,
				15D77B9015D95573003162A3 /* life.mp3 in Resources */,
				15DA9A7315E4249E002FF037 /* segment.png in Resources */,
				15DA9A7815E443F4002FF037 /* segment_black.png in Resources */,
				15A2D6A615E47C9C00DDB8E4 /* icon0.png in Resources */,
				15A2D6A715E47C9C00DDB8E4 /* icon1.png in Resources */,
				15A2D6A815E47C9C00DDB8E4 /* icon2.png in Resources */,
				15A2D6A915E47C9C00DDB8E4 /* icon3.png in Resources */,
				15A2D6AA15E47C9C00DDB8E4 /* icon4.png in Resources */,
				15A2D6AB15E47C9C00DDB8E4 /* icon5.png in Resources */,
				15A2D6AC15E47C9C00DDB8E4 /* icon6.png in Resources */,
				15A2D6AD15E47C9C00DDB8E4 /* icon7.png in Resources */,
				1544342D15E5CFB100FEBAC0 /* 1.png in Resources */,
				1544342E15E5CFB100FEBAC0 /* 2.png in Resources */,
				1544342F15E5CFB100FEBAC0 /* 3.png in Resources */,
				1544343015E5CFB100FEBAC0 /* 4.png in Resources */,
				1544343115E5CFB100FEBAC0 /* 5.png in Resources */,
				1544343215E5CFB100FEBAC0 /* 6.png in Resources */,
				1544343315E5CFB100FEBAC0 /* 7.png in Resources */,
				1544343415E5CFB100FEBAC0 /* 8.png in Resources */,
				1544343515E5CFB100FEBAC0 /* 9.png in Resources */,
				1544343615E5CFB100FEBAC0 /* 10.png in Resources */,
				1544343715E5CFB100FEBAC0 /* 11.png in Resources */,
				1544343815E5CFB100FEBAC0 /* 12.png in Resources */,
				1544343915E5CFB100FEBAC0 /* 13.png in Resources */,
				1544343A15E5CFB100FEBAC0 /* 14.png in Resources */,
				1544343B15E5CFB100FEBAC0 /* 15.png in Resources */,
				1544343C15E5CFB100FEBAC0 /* 16.png in Resources */,
				1544343D15E5CFB100FEBAC0 /* 17.png in Resources */,
				1544343E15E5CFB100FEBAC0 /* 18.png in Resources */,
				1544343F15E5CFB100FEBAC0 /* 19.png in Resources */,
				1544344015E5CFB100FEBAC0 /* 20.png in Resources */,
				1544344115E5CFB100FEBAC0 /* 21.png in Resources */,
				1544344215E5CFB100FEBAC0 /* 22.png in Resources */,
				1544344315E5CFB100FEBAC0 /* 23.png in Resources */,
				1544344715E5E72700FEBAC0 /* 0.png in Resources */,
				156EC34515EB432800D3EAEA /* 1.mp3 in Resources */,
				156EC34615EB432800D3EAEA /* 2.mp3 in Resources */,
				156EC34715EB432800D3EAEA /* 3.mp3 in Resources */,
				156EC34815EB432800D3EAEA /* 4.mp3 in Resources */,
				156EC34915EB432800D3EAEA /* 5.mp3 in Resources */,
				156EC34A15EB432800D3EAEA /* 6.mp3 in Resources */,
				156EC34B15EB432800D3EAEA /* 7.mp3 in Resources */,
				156EC34C15EB432800D3EAEA /* 8.mp3 in Resources */,
				156EC34D15EB432800D3EAEA /* 9.mp3 in Resources */,
				156EC34E15EB432800D3EAEA /* 10.mp3 in Resources */,
				156EC34F15EB432800D3EAEA /* 11.mp3 in Resources */,
				156EC35015EB432800D3EAEA /* 0.mp3 in Resources */,
				156EC35215EB62F200D3EAEA /* segmentData.txt in Resources */,
			);
			runOnlyForDeploymentPostprocessing = 0;
		};
/* End PBXResourcesBuildPhase section */

/* Begin PBXSourcesBuildPhase section */
		151A42DA15538F9D003BF64A /* Sources */ = {
			isa = PBXSourcesBuildPhase;
			buildActionMask = 2147483647;
			files = (
				151A42EF15538F9D003BF64A /* main.m in Sources */,
				151A42F315538F9D003BF64A /* AppDelegate.m in Sources */,
				151A42F615538F9D003BF64A /* ViewController.m in Sources */,
				150CC5D31554468200570ACC /* SpiralControl.m in Sources */,
				15CF25C515AD5411007CA929 /* WaveAudioPlayer.m in Sources */,
				1596CEBD15BF72D6001097AE /* PolyLineViewController.m in Sources */,
				1596CEC615BF84E0001097AE /* PolyLineControl.m in Sources */,
				154E7C0815C739B600D3DE50 /* PizzaViewController.m in Sources */,
				154E7C0B15C739D100D3DE50 /* PizzaControl.m in Sources */,
				154E7C1415C7445900D3DE50 /* SineWaveView.m in Sources */,
				1577830F15CA76A20029F11A /* ExperimentView.m in Sources */,
				15D54CA515D3130200A42E87 /* SpaceViewController.m in Sources */,
				15D77B4D15D31440003162A3 /* ZoomableView.m in Sources */,
				15D77B6115D4A3B3003162A3 /* DataPointsManager.m in Sources */,
				15D77B6815D4AAD9003162A3 /* GridHashTable.m in Sources */,
				15D77B7815D5F65B003162A3 /* PolyLineAudioUnitView.m in Sources */,
				15DA9A5815E18EF3002FF037 /* ZhengViewController.m in Sources */,
				15DA9A7115E411E6002FF037 /* ZhengControl.m in Sources */,
				15DA9A7615E42F98002FF037 /* SegmentView.m in Sources */,
				1544340F15E49B8200FEBAC0 /* SegmentObject.m in Sources */,
				156EC33415EB1E9600D3EAEA /* ContainerView.m in Sources */,
				156EC35515EB6DAD00D3EAEA /* CoverSegment.m in Sources */,
				156EC35B15EB7CB400D3EAEA /* SegmentAudioUnit.m in Sources */,
				156EC35E15EBBE6E00D3EAEA /* PlayListView.m in Sources */,
				15F9BF0E15F5819E00B8A252 /* LyricsControl.m in Sources */,
				15DA53C715FC516600C3E1B0 /* LyricsViewController.m in Sources */,
				15DA53CC15FC59CC00C3E1B0 /* Utilities.m in Sources */,
				15DA53CF15FC5ED200C3E1B0 /* TextSegment.m in Sources */,
			);
			runOnlyForDeploymentPostprocessing = 0;
		};
/* End PBXSourcesBuildPhase section */

/* Begin PBXVariantGroup section */
		151A42EB15538F9D003BF64A /* InfoPlist.strings */ = {
			isa = PBXVariantGroup;
			children = (
				151A42EC15538F9D003BF64A /* en */,
			);
			name = InfoPlist.strings;
			sourceTree = "<group>";
		};
		151A42F715538F9D003BF64A /* ViewController.xib */ = {
			isa = PBXVariantGroup;
			children = (
				151A42F815538F9D003BF64A /* en */,
			);
			name = ViewController.xib;
			sourceTree = "<group>";
		};
/* End PBXVariantGroup section */

/* Begin XCBuildConfiguration section */
		151A42FA15538F9D003BF64A /* Debug */ = {
			isa = XCBuildConfiguration;
			buildSettings = {
				ALWAYS_SEARCH_USER_PATHS = NO;
				ARCHS = "$(ARCHS_STANDARD_32_BIT)";
				"CODE_SIGN_IDENTITY[sdk=iphoneos*]" = "iPhone Developer";
				COPY_PHASE_STRIP = NO;
				GCC_C_LANGUAGE_STANDARD = gnu99;
				GCC_DYNAMIC_NO_PIC = NO;
				GCC_OPTIMIZATION_LEVEL = 0;
				GCC_PREPROCESSOR_DEFINITIONS = (
					"DEBUG=1",
					"$(inherited)",
				);
				GCC_SYMBOLS_PRIVATE_EXTERN = NO;
				GCC_VERSION = com.apple.compilers.llvm.clang.1_0;
				GCC_WARN_ABOUT_MISSING_PROTOTYPES = YES;
				GCC_WARN_ABOUT_RETURN_TYPE = YES;
				GCC_WARN_UNUSED_VARIABLE = YES;
				IPHONEOS_DEPLOYMENT_TARGET = 5.0;
				SDKROOT = iphoneos;
				TARGETED_DEVICE_FAMILY = 2;
			};
			name = Debug;
		};
		151A42FB15538F9D003BF64A /* Release */ = {
			isa = XCBuildConfiguration;
			buildSettings = {
				ALWAYS_SEARCH_USER_PATHS = NO;
				ARCHS = "$(ARCHS_STANDARD_32_BIT)";
				"CODE_SIGN_IDENTITY[sdk=iphoneos*]" = "iPhone Developer";
				COPY_PHASE_STRIP = YES;
				GCC_C_LANGUAGE_STANDARD = gnu99;
				GCC_VERSION = com.apple.compilers.llvm.clang.1_0;
				GCC_WARN_ABOUT_MISSING_PROTOTYPES = YES;
				GCC_WARN_ABOUT_RETURN_TYPE = YES;
				GCC_WARN_UNUSED_VARIABLE = YES;
				IPHONEOS_DEPLOYMENT_TARGET = 5.0;
				OTHER_CFLAGS = "-DNS_BLOCK_ASSERTIONS=1";
				SDKROOT = iphoneos;
				TARGETED_DEVICE_FAMILY = 2;
				VALIDATE_PRODUCT = YES;
			};
			name = Release;
		};
		151A42FD15538F9D003BF64A /* Debug */ = {
			isa = XCBuildConfiguration;
			buildSettings = {
				GCC_PRECOMPILE_PREFIX_HEADER = YES;
				GCC_PREFIX_HEADER = "SpiralPlayer/SpiralPlayer-Prefix.pch";
				INFOPLIST_FILE = "SpiralPlayer/SpiralPlayer-Info.plist";
				IPHONEOS_DEPLOYMENT_TARGET = 5.0;
				PRODUCT_NAME = "$(TARGET_NAME)";
				TARGETED_DEVICE_FAMILY = 2;
				WRAPPER_EXTENSION = app;
			};
			name = Debug;
		};
		151A42FE15538F9D003BF64A /* Release */ = {
			isa = XCBuildConfiguration;
			buildSettings = {
				GCC_PRECOMPILE_PREFIX_HEADER = YES;
				GCC_PREFIX_HEADER = "SpiralPlayer/SpiralPlayer-Prefix.pch";
				INFOPLIST_FILE = "SpiralPlayer/SpiralPlayer-Info.plist";
				IPHONEOS_DEPLOYMENT_TARGET = 5.0;
				PRODUCT_NAME = "$(TARGET_NAME)";
				TARGETED_DEVICE_FAMILY = 2;
				WRAPPER_EXTENSION = app;
			};
			name = Release;
		};
/* End XCBuildConfiguration section */

/* Begin XCConfigurationList section */
		151A42D815538F9D003BF64A /* Build configuration list for PBXProject "SpiralPlayer" */ = {
			isa = XCConfigurationList;
			buildConfigurations = (
				151A42FA15538F9D003BF64A /* Debug */,
				151A42FB15538F9D003BF64A /* Release */,
			);
			defaultConfigurationIsVisible = 0;
			defaultConfigurationName = Release;
		};
		151A42FC15538F9D003BF64A /* Build configuration list for PBXNativeTarget "SpiralPlayer" */ = {
			isa = XCConfigurationList;
			buildConfigurations = (
				151A42FD15538F9D003BF64A /* Debug */,
				151A42FE15538F9D003BF64A /* Release */,
			);
			defaultConfigurationIsVisible = 0;
			defaultConfigurationName = Release;
		};
/* End XCConfigurationList section */
	};
	rootObject = 151A42D515538F9D003BF64A /* Project object */;
}
